// !$*UTF8*$!
{
	archiveVersion = 1;
	classes = {
	};
	objectVersion = 46;
	objects = {

/* Begin PBXBuildFile section */
		650CEF641B5FA2BE00C001F3 /* TestDemoVC.m in Sources */ = {isa = PBXBuildFile; fileRef = 650CEF631B5FA2BE00C001F3 /* TestDemoVC.m */; };
		6529C3601B8FFA00008E62CF /* UIButton+Position.m in Sources */ = {isa = PBXBuildFile; fileRef = 6529C35F1B8FFA00008E62CF /* UIButton+Position.m */; };
		6529C3651B9054BD008E62CF /* UIViewController+Analysis.m in Sources */ = {isa = PBXBuildFile; fileRef = 6529C3641B9054BD008E62CF /* UIViewController+Analysis.m */; };
		6529C3681B905560008E62CF /* NSObject+BlackMagic.m in Sources */ = {isa = PBXBuildFile; fileRef = 6529C3671B905560008E62CF /* NSObject+BlackMagic.m */; };
		6529C36B1B905670008E62CF /* Toast+UIView.m in Sources */ = {isa = PBXBuildFile; fileRef = 6529C36A1B905670008E62CF /* Toast+UIView.m */; };
		6567D94A1B6F02A1004176B9 /* GLNetWorkDemo.m in Sources */ = {isa = PBXBuildFile; fileRef = 6567D9491B6F02A1004176B9 /* GLNetWorkDemo.m */; };
		6567D94C1B6F033A004176B9 /* GLNetWorkDemo.storyboard in Resources */ = {isa = PBXBuildFile; fileRef = 6567D94B1B6F033A004176B9 /* GLNetWorkDemo.storyboard */; };
		6567D94F1B6F1329004176B9 /* NetWorkCell.m in Sources */ = {isa = PBXBuildFile; fileRef = 6567D94E1B6F1329004176B9 /* NetWorkCell.m */; };
		6567D9531B6F3CD3004176B9 /* CustomCell.m in Sources */ = {isa = PBXBuildFile; fileRef = 6567D9511B6F3CD3004176B9 /* CustomCell.m */; };
		6567D9541B6F3CD3004176B9 /* CustomCell.xib in Resources */ = {isa = PBXBuildFile; fileRef = 6567D9521B6F3CD3004176B9 /* CustomCell.xib */; };
		657686FF1B5DF1AA00173D56 /* PassMesg.m in Sources */ = {isa = PBXBuildFile; fileRef = 657686FE1B5DF1AA00173D56 /* PassMesg.m */; };
		65A825831B6601A100E3BAB1 /* TrainStationVC.m in Sources */ = {isa = PBXBuildFile; fileRef = 65A825821B6601A100E3BAB1 /* TrainStationVC.m */; };
		65D52A7A1B857B37009774EF /* WebViewDemo.m in Sources */ = {isa = PBXBuildFile; fileRef = 65D52A791B857B37009774EF /* WebViewDemo.m */; };
		65D882B41B91879E00B775A0 /* MainCell.m in Sources */ = {isa = PBXBuildFile; fileRef = 65D882B21B91879E00B775A0 /* MainCell.m */; };
		65D882B51B91879E00B775A0 /* MainCell.xib in Resources */ = {isa = PBXBuildFile; fileRef = 65D882B31B91879E00B775A0 /* MainCell.xib */; };
		65D882B91B9187B500B775A0 /* AttachCell.m in Sources */ = {isa = PBXBuildFile; fileRef = 65D882B71B9187B500B775A0 /* AttachCell.m */; };
		65D882BA1B9187B500B775A0 /* AttachCell.xib in Resources */ = {isa = PBXBuildFile; fileRef = 65D882B81B9187B500B775A0 /* AttachCell.xib */; };
		65D8DF6D1B845CEE007E31BA /* LoginDemoVC.m in Sources */ = {isa = PBXBuildFile; fileRef = 65D8DF6C1B845CEE007E31BA /* LoginDemoVC.m */; };
		65D9B9B41B5C892A00ED4040 /* FifthViewController.m in Sources */ = {isa = PBXBuildFile; fileRef = 65D9B9B31B5C892A00ED4040 /* FifthViewController.m */; };
		65D9B9B71B5C8A4000ED4040 /* UIViewController+ScrollingNavbar.m in Sources */ = {isa = PBXBuildFile; fileRef = 65D9B9B61B5C8A4000ED4040 /* UIViewController+ScrollingNavbar.m */; };
		65D9E9F11B7C3265000CCF21 /* GLTopBarView.m in Sources */ = {isa = PBXBuildFile; fileRef = 65D9E9F01B7C3265000CCF21 /* GLTopBarView.m */; };
		65DA436A1B7B2B06003A4A23 /* BlockModel.m in Sources */ = {isa = PBXBuildFile; fileRef = 65DA43691B7B2B06003A4A23 /* BlockModel.m */; };
		65EBADAA1B6330DC005F22BD /* LayoutSubviews.m in Sources */ = {isa = PBXBuildFile; fileRef = 65EBADA91B6330DC005F22BD /* LayoutSubviews.m */; };
		65EBADAD1B633C12005F22BD /* TNTrainTicketManger.m in Sources */ = {isa = PBXBuildFile; fileRef = 65EBADAC1B633C12005F22BD /* TNTrainTicketManger.m */; };
		65EBADB01B6364F9005F22BD /* TNBaseHTTPRequest.m in Sources */ = {isa = PBXBuildFile; fileRef = 65EBADAF1B6364F9005F22BD /* TNBaseHTTPRequest.m */; };
		65EBADB31B636CFB005F22BD /* NSString+TNExtends.m in Sources */ = {isa = PBXBuildFile; fileRef = 65EBADB21B636CFB005F22BD /* NSString+TNExtends.m */; };
		65EBADB61B637751005F22BD /* GURLRequest.m in Sources */ = {isa = PBXBuildFile; fileRef = 65EBADB51B637751005F22BD /* GURLRequest.m */; };
		65EBADB91B6382FB005F22BD /* TNTrainAd.m in Sources */ = {isa = PBXBuildFile; fileRef = 65EBADB81B6382FB005F22BD /* TNTrainAd.m */; };
		65ECE8711B588AA9003134B2 /* main.m in Sources */ = {isa = PBXBuildFile; fileRef = 65ECE8701B588AA9003134B2 /* main.m */; };
		65ECE8741B588AA9003134B2 /* AppDelegate.m in Sources */ = {isa = PBXBuildFile; fileRef = 65ECE8731B588AA9003134B2 /* AppDelegate.m */; };
		65ECE87A1B588AA9003134B2 /* Main.storyboard in Resources */ = {isa = PBXBuildFile; fileRef = 65ECE8781B588AA9003134B2 /* Main.storyboard */; };
		65ECE87C1B588AA9003134B2 /* Images.xcassets in Resources */ = {isa = PBXBuildFile; fileRef = 65ECE87B1B588AA9003134B2 /* Images.xcassets */; };
		65ECE87F1B588AA9003134B2 /* LaunchScreen.xib in Resources */ = {isa = PBXBuildFile; fileRef = 65ECE87D1B588AA9003134B2 /* LaunchScreen.xib */; };
		65ECE88B1B588AA9003134B2 /* DemosTests.m in Sources */ = {isa = PBXBuildFile; fileRef = 65ECE88A1B588AA9003134B2 /* DemosTests.m */; };
		65ECE89C1B58985A003134B2 /* ButtonDemoVC.m in Sources */ = {isa = PBXBuildFile; fileRef = 65ECE89B1B58985A003134B2 /* ButtonDemoVC.m */; };
		65ECE89F1B5899EC003134B2 /* ScrollDemoVC.m in Sources */ = {isa = PBXBuildFile; fileRef = 65ECE89E1B5899EC003134B2 /* ScrollDemoVC.m */; };
		65ECE8A21B589A30003134B2 /* PickerViewDemoVC.m in Sources */ = {isa = PBXBuildFile; fileRef = 65ECE8A11B589A30003134B2 /* PickerViewDemoVC.m */; };
		65ECE8A51B589A4D003134B2 /* TarBarDemoVC.m in Sources */ = {isa = PBXBuildFile; fileRef = 65ECE8A41B589A4D003134B2 /* TarBarDemoVC.m */; };
		65ECE8A81B589A5D003134B2 /* AnimationDemoVC.m in Sources */ = {isa = PBXBuildFile; fileRef = 65ECE8A71B589A5D003134B2 /* AnimationDemoVC.m */; };
		65ECE8AB1B589AA9003134B2 /* RootViewController.m in Sources */ = {isa = PBXBuildFile; fileRef = 65ECE8AA1B589AA9003134B2 /* RootViewController.m */; };
		65ECE8B71B58A79C003134B2 /* TNTableViewCell.m in Sources */ = {isa = PBXBuildFile; fileRef = 65ECE8B61B58A79C003134B2 /* TNTableViewCell.m */; };
		65ECE8BA1B58A804003134B2 /* TNCycleScrollView.m in Sources */ = {isa = PBXBuildFile; fileRef = 65ECE8B91B58A804003134B2 /* TNCycleScrollView.m */; };
		65ECE8BD1B58A80C003134B2 /* NSTimer+Addition.m in Sources */ = {isa = PBXBuildFile; fileRef = 65ECE8BC1B58A80C003134B2 /* NSTimer+Addition.m */; };
		65ECE8C11B58A9CC003134B2 /* TNHomeSpecialSaleCell.m in Sources */ = {isa = PBXBuildFile; fileRef = 65ECE8BF1B58A9CC003134B2 /* TNHomeSpecialSaleCell.m */; };
		65ECE8C41B58AA8F003134B2 /* UIView+Positioning.m in Sources */ = {isa = PBXBuildFile; fileRef = 65ECE8C31B58AA8F003134B2 /* UIView+Positioning.m */; };
		65ECE8C71B58B08B003134B2 /* UITabBarViewController.m in Sources */ = {isa = PBXBuildFile; fileRef = 65ECE8C61B58B08B003134B2 /* UITabBarViewController.m */; };
		65ECE8CA1B58BF25003134B2 /* SecondViewController.m in Sources */ = {isa = PBXBuildFile; fileRef = 65ECE8C91B58BF25003134B2 /* SecondViewController.m */; };
		65ECE8CD1B58CA92003134B2 /* ThirdViewController.m in Sources */ = {isa = PBXBuildFile; fileRef = 65ECE8CC1B58CA92003134B2 /* ThirdViewController.m */; };
		65ECE8D01B58CA9C003134B2 /* ForthViewController.m in Sources */ = {isa = PBXBuildFile; fileRef = 65ECE8CF1B58CA9C003134B2 /* ForthViewController.m */; };
		65ECE8D31B590359003134B2 /* CNPPopupController.m in Sources */ = {isa = PBXBuildFile; fileRef = 65ECE8D21B590359003134B2 /* CNPPopupController.m */; };
		65EEE3351B8EE1C300340778 /* TNNavigator.m in Sources */ = {isa = PBXBuildFile; fileRef = 65EEE32E1B8EE1C300340778 /* TNNavigator.m */; };
		65EEE3361B8EE1C300340778 /* TNNavigationMap.m in Sources */ = {isa = PBXBuildFile; fileRef = 65EEE3301B8EE1C300340778 /* TNNavigationMap.m */; };
		65EEE3371B8EE1C300340778 /* TNNavigationURLHelper.m in Sources */ = {isa = PBXBuildFile; fileRef = 65EEE3321B8EE1C300340778 /* TNNavigationURLHelper.m */; };
		65EEE33B1B8EFBAF00340778 /* UIColor+TKCategory.m in Sources */ = {isa = PBXBuildFile; fileRef = 65EEE33A1B8EFBAF00340778 /* UIColor+TKCategory.m */; };
		65EEE33E1B8F207E00340778 /* GLBarViewController.m in Sources */ = {isa = PBXBuildFile; fileRef = 65EEE33D1B8F207E00340778 /* GLBarViewController.m */; };
		65F1E21E1B5E449300AFC350 /* OButton.m in Sources */ = {isa = PBXBuildFile; fileRef = 65F1E21D1B5E449300AFC350 /* OButton.m */; };
		65F53F1B1B93F5AD00D019B9 /* TableViewDemoViewController.m in Sources */ = {isa = PBXBuildFile; fileRef = 65F53F1A1B93F5AD00D019B9 /* TableViewDemoViewController.m */; };
		C04B873A1B8CC0F000A69068 /* NSArray+GLStuff.m in Sources */ = {isa = PBXBuildFile; fileRef = C04B87391B8CC0F000A69068 /* NSArray+GLStuff.m */; };
		C053ABF71B8F5AA200BE5F5F /* GLPresentViewController.m in Sources */ = {isa = PBXBuildFile; fileRef = C053ABF61B8F5AA200BE5F5F /* GLPresentViewController.m */; };
		C053ABFA1B8F728B00BE5F5F /* TNTopBarView.m in Sources */ = {isa = PBXBuildFile; fileRef = C053ABF91B8F728B00BE5F5F /* TNTopBarView.m */; };
		C0A924641B7B9A3A009C3574 /* PassValueBlockVC.m in Sources */ = {isa = PBXBuildFile; fileRef = C0A924631B7B9A3A009C3574 /* PassValueBlockVC.m */; };
		C0A924671B7BA0B9009C3574 /* TextViewController.m in Sources */ = {isa = PBXBuildFile; fileRef = C0A924661B7BA0B9009C3574 /* TextViewController.m */; };
		C0DA6D441B7CEA4E005F72DF /* AdScrollTimerViewController.m in Sources */ = {isa = PBXBuildFile; fileRef = C0DA6D431B7CEA4E005F72DF /* AdScrollTimerViewController.m */; };
		C0DA6D471B7CEA6C005F72DF /* AdvertiseView.m in Sources */ = {isa = PBXBuildFile; fileRef = C0DA6D461B7CEA6C005F72DF /* AdvertiseView.m */; };
		C0DA6D4A1B7CFB0A005F72DF /* OCDataSourceDemo.m in Sources */ = {isa = PBXBuildFile; fileRef = C0DA6D491B7CFB0A005F72DF /* OCDataSourceDemo.m */; };
		C0E662091B92B1E200F5F5B2 /* AddTBCellViewController.m in Sources */ = {isa = PBXBuildFile; fileRef = C0E662081B92B1E200F5F5B2 /* AddTBCellViewController.m */; };
		C0E6620C1B93442F00F5F5B2 /* GLHeaderView.m in Sources */ = {isa = PBXBuildFile; fileRef = C0E6620B1B93442F00F5F5B2 /* GLHeaderView.m */; };
		D9B4260E6DC676C7B599BB11 /* libPods.a in Frameworks */ = {isa = PBXBuildFile; fileRef = FA24930CC2192A402FFE4E43 /* libPods.a */; };
/* End PBXBuildFile section */

/* Begin PBXContainerItemProxy section */
		65ECE8851B588AA9003134B2 /* PBXContainerItemProxy */ = {
			isa = PBXContainerItemProxy;
			containerPortal = 65ECE8631B588AA9003134B2 /* Project object */;
			proxyType = 1;
			remoteGlobalIDString = 65ECE86A1B588AA9003134B2;
			remoteInfo = Demos;
		};
/* End PBXContainerItemProxy section */

/* Begin PBXFileReference section */
		650CEF621B5FA2BE00C001F3 /* TestDemoVC.h */ = {isa = PBXFileReference; fileEncoding = 4; lastKnownFileType = sourcecode.c.h; path = TestDemoVC.h; sourceTree = "<group>"; };
		650CEF631B5FA2BE00C001F3 /* TestDemoVC.m */ = {isa = PBXFileReference; fileEncoding = 4; lastKnownFileType = sourcecode.c.objc; path = TestDemoVC.m; sourceTree = "<group>"; };
		6523294C1B5CC05500D69074 /* PrefixHeader.pch */ = {isa = PBXFileReference; fileEncoding = 4; lastKnownFileType = sourcecode.c.h; path = PrefixHeader.pch; sourceTree = "<group>"; };
		6529C35E1B8FFA00008E62CF /* UIButton+Position.h */ = {isa = PBXFileReference; fileEncoding = 4; lastKnownFileType = sourcecode.c.h; path = "UIButton+Position.h"; sourceTree = "<group>"; };
		6529C35F1B8FFA00008E62CF /* UIButton+Position.m */ = {isa = PBXFileReference; fileEncoding = 4; lastKnownFileType = sourcecode.c.objc; path = "UIButton+Position.m"; sourceTree = "<group>"; };
		6529C3631B9054BD008E62CF /* UIViewController+Analysis.h */ = {isa = PBXFileReference; fileEncoding = 4; lastKnownFileType = sourcecode.c.h; path = "UIViewController+Analysis.h"; sourceTree = "<group>"; };
		6529C3641B9054BD008E62CF /* UIViewController+Analysis.m */ = {isa = PBXFileReference; fileEncoding = 4; lastKnownFileType = sourcecode.c.objc; path = "UIViewController+Analysis.m"; sourceTree = "<group>"; };
		6529C3661B905560008E62CF /* NSObject+BlackMagic.h */ = {isa = PBXFileReference; fileEncoding = 4; lastKnownFileType = sourcecode.c.h; path = "NSObject+BlackMagic.h"; sourceTree = "<group>"; };
		6529C3671B905560008E62CF /* NSObject+BlackMagic.m */ = {isa = PBXFileReference; fileEncoding = 4; lastKnownFileType = sourcecode.c.objc; path = "NSObject+BlackMagic.m"; sourceTree = "<group>"; };
		6529C3691B905670008E62CF /* Toast+UIView.h */ = {isa = PBXFileReference; fileEncoding = 4; lastKnownFileType = sourcecode.c.h; path = "Toast+UIView.h"; sourceTree = "<group>"; };
		6529C36A1B905670008E62CF /* Toast+UIView.m */ = {isa = PBXFileReference; fileEncoding = 4; lastKnownFileType = sourcecode.c.objc; path = "Toast+UIView.m"; sourceTree = "<group>"; };
		6567D9481B6F02A1004176B9 /* GLNetWorkDemo.h */ = {isa = PBXFileReference; fileEncoding = 4; lastKnownFileType = sourcecode.c.h; path = GLNetWorkDemo.h; sourceTree = "<group>"; };
		6567D9491B6F02A1004176B9 /* GLNetWorkDemo.m */ = {isa = PBXFileReference; fileEncoding = 4; lastKnownFileType = sourcecode.c.objc; path = GLNetWorkDemo.m; sourceTree = "<group>"; };
		6567D94B1B6F033A004176B9 /* GLNetWorkDemo.storyboard */ = {isa = PBXFileReference; fileEncoding = 4; lastKnownFileType = file.storyboard; path = GLNetWorkDemo.storyboard; sourceTree = "<group>"; };
		6567D94D1B6F1329004176B9 /* NetWorkCell.h */ = {isa = PBXFileReference; fileEncoding = 4; lastKnownFileType = sourcecode.c.h; path = NetWorkCell.h; sourceTree = "<group>"; };
		6567D94E1B6F1329004176B9 /* NetWorkCell.m */ = {isa = PBXFileReference; fileEncoding = 4; lastKnownFileType = sourcecode.c.objc; path = NetWorkCell.m; sourceTree = "<group>"; };
		6567D9501B6F3CD3004176B9 /* CustomCell.h */ = {isa = PBXFileReference; fileEncoding = 4; lastKnownFileType = sourcecode.c.h; path = CustomCell.h; sourceTree = "<group>"; };
		6567D9511B6F3CD3004176B9 /* CustomCell.m */ = {isa = PBXFileReference; fileEncoding = 4; lastKnownFileType = sourcecode.c.objc; path = CustomCell.m; sourceTree = "<group>"; };
		6567D9521B6F3CD3004176B9 /* CustomCell.xib */ = {isa = PBXFileReference; fileEncoding = 4; lastKnownFileType = file.xib; path = CustomCell.xib; sourceTree = "<group>"; };
		657686FD1B5DF1AA00173D56 /* PassMesg.h */ = {isa = PBXFileReference; fileEncoding = 4; lastKnownFileType = sourcecode.c.h; path = PassMesg.h; sourceTree = "<group>"; };
		657686FE1B5DF1AA00173D56 /* PassMesg.m */ = {isa = PBXFileReference; fileEncoding = 4; lastKnownFileType = sourcecode.c.objc; path = PassMesg.m; sourceTree = "<group>"; };
		65A825811B6601A100E3BAB1 /* TrainStationVC.h */ = {isa = PBXFileReference; fileEncoding = 4; lastKnownFileType = sourcecode.c.h; path = TrainStationVC.h; sourceTree = "<group>"; };
		65A825821B6601A100E3BAB1 /* TrainStationVC.m */ = {isa = PBXFileReference; fileEncoding = 4; lastKnownFileType = sourcecode.c.objc; path = TrainStationVC.m; sourceTree = "<group>"; };
		65D52A781B857B37009774EF /* WebViewDemo.h */ = {isa = PBXFileReference; fileEncoding = 4; lastKnownFileType = sourcecode.c.h; path = WebViewDemo.h; sourceTree = "<group>"; };
		65D52A791B857B37009774EF /* WebViewDemo.m */ = {isa = PBXFileReference; fileEncoding = 4; lastKnownFileType = sourcecode.c.objc; path = WebViewDemo.m; sourceTree = "<group>"; };
		65D882B11B91879E00B775A0 /* MainCell.h */ = {isa = PBXFileReference; fileEncoding = 4; lastKnownFileType = sourcecode.c.h; path = MainCell.h; sourceTree = "<group>"; };
		65D882B21B91879E00B775A0 /* MainCell.m */ = {isa = PBXFileReference; fileEncoding = 4; lastKnownFileType = sourcecode.c.objc; path = MainCell.m; sourceTree = "<group>"; };
		65D882B31B91879E00B775A0 /* MainCell.xib */ = {isa = PBXFileReference; fileEncoding = 4; lastKnownFileType = file.xib; path = MainCell.xib; sourceTree = "<group>"; };
		65D882B61B9187B500B775A0 /* AttachCell.h */ = {isa = PBXFileReference; fileEncoding = 4; lastKnownFileType = sourcecode.c.h; path = AttachCell.h; sourceTree = "<group>"; };
		65D882B71B9187B500B775A0 /* AttachCell.m */ = {isa = PBXFileReference; fileEncoding = 4; lastKnownFileType = sourcecode.c.objc; path = AttachCell.m; sourceTree = "<group>"; };
		65D882B81B9187B500B775A0 /* AttachCell.xib */ = {isa = PBXFileReference; fileEncoding = 4; lastKnownFileType = file.xib; path = AttachCell.xib; sourceTree = "<group>"; };
		65D8DF6B1B845CEE007E31BA /* LoginDemoVC.h */ = {isa = PBXFileReference; fileEncoding = 4; lastKnownFileType = sourcecode.c.h; path = LoginDemoVC.h; sourceTree = "<group>"; };
		65D8DF6C1B845CEE007E31BA /* LoginDemoVC.m */ = {isa = PBXFileReference; fileEncoding = 4; lastKnownFileType = sourcecode.c.objc; path = LoginDemoVC.m; sourceTree = "<group>"; };
		65D9B9B21B5C892A00ED4040 /* FifthViewController.h */ = {isa = PBXFileReference; fileEncoding = 4; lastKnownFileType = sourcecode.c.h; path = FifthViewController.h; sourceTree = "<group>"; };
		65D9B9B31B5C892A00ED4040 /* FifthViewController.m */ = {isa = PBXFileReference; fileEncoding = 4; lastKnownFileType = sourcecode.c.objc; path = FifthViewController.m; sourceTree = "<group>"; };
		65D9B9B51B5C8A4000ED4040 /* UIViewController+ScrollingNavbar.h */ = {isa = PBXFileReference; fileEncoding = 4; lastKnownFileType = sourcecode.c.h; path = "UIViewController+ScrollingNavbar.h"; sourceTree = "<group>"; };
		65D9B9B61B5C8A4000ED4040 /* UIViewController+ScrollingNavbar.m */ = {isa = PBXFileReference; fileEncoding = 4; lastKnownFileType = sourcecode.c.objc; path = "UIViewController+ScrollingNavbar.m"; sourceTree = "<group>"; };
		65D9E9EF1B7C3265000CCF21 /* GLTopBarView.h */ = {isa = PBXFileReference; fileEncoding = 4; lastKnownFileType = sourcecode.c.h; path = GLTopBarView.h; sourceTree = "<group>"; };
		65D9E9F01B7C3265000CCF21 /* GLTopBarView.m */ = {isa = PBXFileReference; fileEncoding = 4; lastKnownFileType = sourcecode.c.objc; path = GLTopBarView.m; sourceTree = "<group>"; };
		65DA43681B7B2B06003A4A23 /* BlockModel.h */ = {isa = PBXFileReference; fileEncoding = 4; lastKnownFileType = sourcecode.c.h; path = BlockModel.h; sourceTree = "<group>"; };
		65DA43691B7B2B06003A4A23 /* BlockModel.m */ = {isa = PBXFileReference; fileEncoding = 4; lastKnownFileType = sourcecode.c.objc; path = BlockModel.m; sourceTree = "<group>"; };
		65EBADA81B6330DC005F22BD /* LayoutSubviews.h */ = {isa = PBXFileReference; fileEncoding = 4; lastKnownFileType = sourcecode.c.h; path = LayoutSubviews.h; sourceTree = "<group>"; };
		65EBADA91B6330DC005F22BD /* LayoutSubviews.m */ = {isa = PBXFileReference; fileEncoding = 4; lastKnownFileType = sourcecode.c.objc; path = LayoutSubviews.m; sourceTree = "<group>"; };
		65EBADAB1B633C12005F22BD /* TNTrainTicketManger.h */ = {isa = PBXFileReference; fileEncoding = 4; lastKnownFileType = sourcecode.c.h; path = TNTrainTicketManger.h; sourceTree = "<group>"; };
		65EBADAC1B633C12005F22BD /* TNTrainTicketManger.m */ = {isa = PBXFileReference; fileEncoding = 4; lastKnownFileType = sourcecode.c.objc; path = TNTrainTicketManger.m; sourceTree = "<group>"; };
		65EBADAE1B6364F9005F22BD /* TNBaseHTTPRequest.h */ = {isa = PBXFileReference; fileEncoding = 4; lastKnownFileType = sourcecode.c.h; path = TNBaseHTTPRequest.h; sourceTree = "<group>"; };
		65EBADAF1B6364F9005F22BD /* TNBaseHTTPRequest.m */ = {isa = PBXFileReference; fileEncoding = 4; lastKnownFileType = sourcecode.c.objc; path = TNBaseHTTPRequest.m; sourceTree = "<group>"; };
		65EBADB11B636CFB005F22BD /* NSString+TNExtends.h */ = {isa = PBXFileReference; fileEncoding = 4; lastKnownFileType = sourcecode.c.h; path = "NSString+TNExtends.h"; sourceTree = "<group>"; };
		65EBADB21B636CFB005F22BD /* NSString+TNExtends.m */ = {isa = PBXFileReference; fileEncoding = 4; lastKnownFileType = sourcecode.c.objc; path = "NSString+TNExtends.m"; sourceTree = "<group>"; };
		65EBADB41B637751005F22BD /* GURLRequest.h */ = {isa = PBXFileReference; fileEncoding = 4; lastKnownFileType = sourcecode.c.h; path = GURLRequest.h; sourceTree = "<group>"; };
		65EBADB51B637751005F22BD /* GURLRequest.m */ = {isa = PBXFileReference; fileEncoding = 4; lastKnownFileType = sourcecode.c.objc; path = GURLRequest.m; sourceTree = "<group>"; };
		65EBADB71B6382FB005F22BD /* TNTrainAd.h */ = {isa = PBXFileReference; fileEncoding = 4; lastKnownFileType = sourcecode.c.h; path = TNTrainAd.h; sourceTree = "<group>"; };
		65EBADB81B6382FB005F22BD /* TNTrainAd.m */ = {isa = PBXFileReference; fileEncoding = 4; lastKnownFileType = sourcecode.c.objc; path = TNTrainAd.m; sourceTree = "<group>"; };
		65ECE86B1B588AA9003134B2 /* Demos.app */ = {isa = PBXFileReference; explicitFileType = wrapper.application; includeInIndex = 0; path = Demos.app; sourceTree = BUILT_PRODUCTS_DIR; };
		65ECE86F1B588AA9003134B2 /* Info.plist */ = {isa = PBXFileReference; lastKnownFileType = text.plist.xml; path = Info.plist; sourceTree = "<group>"; };
		65ECE8701B588AA9003134B2 /* main.m */ = {isa = PBXFileReference; lastKnownFileType = sourcecode.c.objc; path = main.m; sourceTree = "<group>"; };
		65ECE8721B588AA9003134B2 /* AppDelegate.h */ = {isa = PBXFileReference; lastKnownFileType = sourcecode.c.h; path = AppDelegate.h; sourceTree = "<group>"; };
		65ECE8731B588AA9003134B2 /* AppDelegate.m */ = {isa = PBXFileReference; lastKnownFileType = sourcecode.c.objc; path = AppDelegate.m; sourceTree = "<group>"; };
		65ECE8791B588AA9003134B2 /* Base */ = {isa = PBXFileReference; lastKnownFileType = file.storyboard; name = Base; path = Base.lproj/Main.storyboard; sourceTree = "<group>"; };
		65ECE87B1B588AA9003134B2 /* Images.xcassets */ = {isa = PBXFileReference; lastKnownFileType = folder.assetcatalog; path = Images.xcassets; sourceTree = "<group>"; };
		65ECE87E1B588AA9003134B2 /* Base */ = {isa = PBXFileReference; lastKnownFileType = file.xib; name = Base; path = Base.lproj/LaunchScreen.xib; sourceTree = "<group>"; };
		65ECE8841B588AA9003134B2 /* DemosTests.xctest */ = {isa = PBXFileReference; explicitFileType = wrapper.cfbundle; includeInIndex = 0; path = DemosTests.xctest; sourceTree = BUILT_PRODUCTS_DIR; };
		65ECE8891B588AA9003134B2 /* Info.plist */ = {isa = PBXFileReference; lastKnownFileType = text.plist.xml; path = Info.plist; sourceTree = "<group>"; };
		65ECE88A1B588AA9003134B2 /* DemosTests.m */ = {isa = PBXFileReference; lastKnownFileType = sourcecode.c.objc; path = DemosTests.m; sourceTree = "<group>"; };
		65ECE89A1B58985A003134B2 /* ButtonDemoVC.h */ = {isa = PBXFileReference; fileEncoding = 4; lastKnownFileType = sourcecode.c.h; path = ButtonDemoVC.h; sourceTree = "<group>"; };
		65ECE89B1B58985A003134B2 /* ButtonDemoVC.m */ = {isa = PBXFileReference; fileEncoding = 4; lastKnownFileType = sourcecode.c.objc; path = ButtonDemoVC.m; sourceTree = "<group>"; };
		65ECE89D1B5899EC003134B2 /* ScrollDemoVC.h */ = {isa = PBXFileReference; fileEncoding = 4; lastKnownFileType = sourcecode.c.h; path = ScrollDemoVC.h; sourceTree = "<group>"; };
		65ECE89E1B5899EC003134B2 /* ScrollDemoVC.m */ = {isa = PBXFileReference; fileEncoding = 4; lastKnownFileType = sourcecode.c.objc; path = ScrollDemoVC.m; sourceTree = "<group>"; };
		65ECE8A01B589A30003134B2 /* PickerViewDemoVC.h */ = {isa = PBXFileReference; fileEncoding = 4; lastKnownFileType = sourcecode.c.h; path = PickerViewDemoVC.h; sourceTree = "<group>"; };
		65ECE8A11B589A30003134B2 /* PickerViewDemoVC.m */ = {isa = PBXFileReference; fileEncoding = 4; lastKnownFileType = sourcecode.c.objc; path = PickerViewDemoVC.m; sourceTree = "<group>"; };
		65ECE8A31B589A4D003134B2 /* TarBarDemoVC.h */ = {isa = PBXFileReference; fileEncoding = 4; lastKnownFileType = sourcecode.c.h; path = TarBarDemoVC.h; sourceTree = "<group>"; };
		65ECE8A41B589A4D003134B2 /* TarBarDemoVC.m */ = {isa = PBXFileReference; fileEncoding = 4; lastKnownFileType = sourcecode.c.objc; path = TarBarDemoVC.m; sourceTree = "<group>"; };
		65ECE8A61B589A5D003134B2 /* AnimationDemoVC.h */ = {isa = PBXFileReference; fileEncoding = 4; lastKnownFileType = sourcecode.c.h; path = AnimationDemoVC.h; sourceTree = "<group>"; };
		65ECE8A71B589A5D003134B2 /* AnimationDemoVC.m */ = {isa = PBXFileReference; fileEncoding = 4; lastKnownFileType = sourcecode.c.objc; path = AnimationDemoVC.m; sourceTree = "<group>"; };
		65ECE8A91B589AA9003134B2 /* RootViewController.h */ = {isa = PBXFileReference; fileEncoding = 4; lastKnownFileType = sourcecode.c.h; path = RootViewController.h; sourceTree = "<group>"; };
		65ECE8AA1B589AA9003134B2 /* RootViewController.m */ = {isa = PBXFileReference; fileEncoding = 4; lastKnownFileType = sourcecode.c.objc; path = RootViewController.m; sourceTree = "<group>"; };
		65ECE8B51B58A79C003134B2 /* TNTableViewCell.h */ = {isa = PBXFileReference; fileEncoding = 4; lastKnownFileType = sourcecode.c.h; path = TNTableViewCell.h; sourceTree = "<group>"; };
		65ECE8B61B58A79C003134B2 /* TNTableViewCell.m */ = {isa = PBXFileReference; fileEncoding = 4; lastKnownFileType = sourcecode.c.objc; path = TNTableViewCell.m; sourceTree = "<group>"; };
		65ECE8B81B58A804003134B2 /* TNCycleScrollView.h */ = {isa = PBXFileReference; fileEncoding = 4; lastKnownFileType = sourcecode.c.h; path = TNCycleScrollView.h; sourceTree = "<group>"; };
		65ECE8B91B58A804003134B2 /* TNCycleScrollView.m */ = {isa = PBXFileReference; fileEncoding = 4; lastKnownFileType = sourcecode.c.objc; path = TNCycleScrollView.m; sourceTree = "<group>"; };
		65ECE8BB1B58A80C003134B2 /* NSTimer+Addition.h */ = {isa = PBXFileReference; fileEncoding = 4; lastKnownFileType = sourcecode.c.h; path = "NSTimer+Addition.h"; sourceTree = "<group>"; };
		65ECE8BC1B58A80C003134B2 /* NSTimer+Addition.m */ = {isa = PBXFileReference; fileEncoding = 4; lastKnownFileType = sourcecode.c.objc; path = "NSTimer+Addition.m"; sourceTree = "<group>"; };
		65ECE8BE1B58A8B0003134B2 /* config.h */ = {isa = PBXFileReference; fileEncoding = 4; lastKnownFileType = sourcecode.c.h; path = config.h; sourceTree = "<group>"; };
		65ECE8BF1B58A9CC003134B2 /* TNHomeSpecialSaleCell.m */ = {isa = PBXFileReference; fileEncoding = 4; lastKnownFileType = sourcecode.c.objc; path = TNHomeSpecialSaleCell.m; sourceTree = "<group>"; };
		65ECE8C01B58A9CC003134B2 /* TNHomeSpecialSaleCell.h */ = {isa = PBXFileReference; fileEncoding = 4; lastKnownFileType = sourcecode.c.h; path = TNHomeSpecialSaleCell.h; sourceTree = "<group>"; };
		65ECE8C21B58AA8F003134B2 /* UIView+Positioning.h */ = {isa = PBXFileReference; fileEncoding = 4; lastKnownFileType = sourcecode.c.h; path = "UIView+Positioning.h"; sourceTree = "<group>"; };
		65ECE8C31B58AA8F003134B2 /* UIView+Positioning.m */ = {isa = PBXFileReference; fileEncoding = 4; lastKnownFileType = sourcecode.c.objc; path = "UIView+Positioning.m"; sourceTree = "<group>"; };
		65ECE8C51B58B08B003134B2 /* UITabBarViewController.h */ = {isa = PBXFileReference; fileEncoding = 4; lastKnownFileType = sourcecode.c.h; path = UITabBarViewController.h; sourceTree = "<group>"; };
		65ECE8C61B58B08B003134B2 /* UITabBarViewController.m */ = {isa = PBXFileReference; fileEncoding = 4; lastKnownFileType = sourcecode.c.objc; path = UITabBarViewController.m; sourceTree = "<group>"; };
		65ECE8C81B58BF25003134B2 /* SecondViewController.h */ = {isa = PBXFileReference; fileEncoding = 4; lastKnownFileType = sourcecode.c.h; path = SecondViewController.h; sourceTree = "<group>"; };
		65ECE8C91B58BF25003134B2 /* SecondViewController.m */ = {isa = PBXFileReference; fileEncoding = 4; lastKnownFileType = sourcecode.c.objc; path = SecondViewController.m; sourceTree = "<group>"; };
		65ECE8CB1B58CA92003134B2 /* ThirdViewController.h */ = {isa = PBXFileReference; fileEncoding = 4; lastKnownFileType = sourcecode.c.h; path = ThirdViewController.h; sourceTree = "<group>"; };
		65ECE8CC1B58CA92003134B2 /* ThirdViewController.m */ = {isa = PBXFileReference; fileEncoding = 4; lastKnownFileType = sourcecode.c.objc; path = ThirdViewController.m; sourceTree = "<group>"; };
		65ECE8CE1B58CA9C003134B2 /* ForthViewController.h */ = {isa = PBXFileReference; fileEncoding = 4; lastKnownFileType = sourcecode.c.h; path = ForthViewController.h; sourceTree = "<group>"; };
		65ECE8CF1B58CA9C003134B2 /* ForthViewController.m */ = {isa = PBXFileReference; fileEncoding = 4; lastKnownFileType = sourcecode.c.objc; path = ForthViewController.m; sourceTree = "<group>"; };
		65ECE8D11B590359003134B2 /* CNPPopupController.h */ = {isa = PBXFileReference; fileEncoding = 4; lastKnownFileType = sourcecode.c.h; path = CNPPopupController.h; sourceTree = "<group>"; };
		65ECE8D21B590359003134B2 /* CNPPopupController.m */ = {isa = PBXFileReference; fileEncoding = 4; lastKnownFileType = sourcecode.c.objc; path = CNPPopupController.m; sourceTree = "<group>"; };
		65EEE32D1B8EE1C300340778 /* TNNavigator.h */ = {isa = PBXFileReference; fileEncoding = 4; lastKnownFileType = sourcecode.c.h; path = TNNavigator.h; sourceTree = "<group>"; };
		65EEE32E1B8EE1C300340778 /* TNNavigator.m */ = {isa = PBXFileReference; fileEncoding = 4; lastKnownFileType = sourcecode.c.objc; path = TNNavigator.m; sourceTree = "<group>"; };
		65EEE32F1B8EE1C300340778 /* TNNavigationMap.h */ = {isa = PBXFileReference; fileEncoding = 4; lastKnownFileType = sourcecode.c.h; path = TNNavigationMap.h; sourceTree = "<group>"; };
		65EEE3301B8EE1C300340778 /* TNNavigationMap.m */ = {isa = PBXFileReference; fileEncoding = 4; lastKnownFileType = sourcecode.c.objc; path = TNNavigationMap.m; sourceTree = "<group>"; };
		65EEE3311B8EE1C300340778 /* TNNavigationURLHelper.h */ = {isa = PBXFileReference; fileEncoding = 4; lastKnownFileType = sourcecode.c.h; path = TNNavigationURLHelper.h; sourceTree = "<group>"; };
		65EEE3321B8EE1C300340778 /* TNNavigationURLHelper.m */ = {isa = PBXFileReference; fileEncoding = 4; lastKnownFileType = sourcecode.c.objc; path = TNNavigationURLHelper.m; sourceTree = "<group>"; };
		65EEE3331B8EE1C300340778 /* TNNavigationURLs.h */ = {isa = PBXFileReference; fileEncoding = 4; lastKnownFileType = sourcecode.c.h; path = TNNavigationURLs.h; sourceTree = "<group>"; };
		65EEE3341B8EE1C300340778 /* TNNavigationProtocol.h */ = {isa = PBXFileReference; fileEncoding = 4; lastKnownFileType = sourcecode.c.h; path = TNNavigationProtocol.h; sourceTree = "<group>"; };
		65EEE3381B8EE25700340778 /* SingletonDefine.h */ = {isa = PBXFileReference; fileEncoding = 4; lastKnownFileType = sourcecode.c.h; path = SingletonDefine.h; sourceTree = "<group>"; };
		65EEE3391B8EFBAF00340778 /* UIColor+TKCategory.h */ = {isa = PBXFileReference; fileEncoding = 4; lastKnownFileType = sourcecode.c.h; path = "UIColor+TKCategory.h"; sourceTree = "<group>"; };
		65EEE33A1B8EFBAF00340778 /* UIColor+TKCategory.m */ = {isa = PBXFileReference; fileEncoding = 4; lastKnownFileType = sourcecode.c.objc; path = "UIColor+TKCategory.m"; sourceTree = "<group>"; };
		65EEE33C1B8F207E00340778 /* GLBarViewController.h */ = {isa = PBXFileReference; fileEncoding = 4; lastKnownFileType = sourcecode.c.h; path = GLBarViewController.h; sourceTree = "<group>"; };
		65EEE33D1B8F207E00340778 /* GLBarViewController.m */ = {isa = PBXFileReference; fileEncoding = 4; lastKnownFileType = sourcecode.c.objc; path = GLBarViewController.m; sourceTree = "<group>"; };
		65F1E21C1B5E449300AFC350 /* OButton.h */ = {isa = PBXFileReference; fileEncoding = 4; lastKnownFileType = sourcecode.c.h; path = OButton.h; sourceTree = "<group>"; };
		65F1E21D1B5E449300AFC350 /* OButton.m */ = {isa = PBXFileReference; fileEncoding = 4; lastKnownFileType = sourcecode.c.objc; path = OButton.m; sourceTree = "<group>"; };
		65F53F191B93F5AD00D019B9 /* TableViewDemoViewController.h */ = {isa = PBXFileReference; fileEncoding = 4; lastKnownFileType = sourcecode.c.h; path = TableViewDemoViewController.h; sourceTree = "<group>"; };
		65F53F1A1B93F5AD00D019B9 /* TableViewDemoViewController.m */ = {isa = PBXFileReference; fileEncoding = 4; lastKnownFileType = sourcecode.c.objc; path = TableViewDemoViewController.m; sourceTree = "<group>"; };
		A6792D75E9C3A86AC56556AC /* Pods.debug.xcconfig */ = {isa = PBXFileReference; includeInIndex = 1; lastKnownFileType = text.xcconfig; name = Pods.debug.xcconfig; path = "Pods/Target Support Files/Pods/Pods.debug.xcconfig"; sourceTree = "<group>"; };
		C04B87381B8CC0F000A69068 /* NSArray+GLStuff.h */ = {isa = PBXFileReference; fileEncoding = 4; lastKnownFileType = sourcecode.c.h; path = "NSArray+GLStuff.h"; sourceTree = "<group>"; };
		C04B87391B8CC0F000A69068 /* NSArray+GLStuff.m */ = {isa = PBXFileReference; fileEncoding = 4; lastKnownFileType = sourcecode.c.objc; path = "NSArray+GLStuff.m"; sourceTree = "<group>"; };
		C053ABF51B8F5AA200BE5F5F /* GLPresentViewController.h */ = {isa = PBXFileReference; fileEncoding = 4; lastKnownFileType = sourcecode.c.h; path = GLPresentViewController.h; sourceTree = "<group>"; };
		C053ABF61B8F5AA200BE5F5F /* GLPresentViewController.m */ = {isa = PBXFileReference; fileEncoding = 4; lastKnownFileType = sourcecode.c.objc; path = GLPresentViewController.m; sourceTree = "<group>"; };
		C053ABF81B8F728B00BE5F5F /* TNTopBarView.h */ = {isa = PBXFileReference; fileEncoding = 4; lastKnownFileType = sourcecode.c.h; path = TNTopBarView.h; sourceTree = "<group>"; };
		C053ABF91B8F728B00BE5F5F /* TNTopBarView.m */ = {isa = PBXFileReference; fileEncoding = 4; lastKnownFileType = sourcecode.c.objc; path = TNTopBarView.m; sourceTree = "<group>"; };
		C0A924621B7B9A3A009C3574 /* PassValueBlockVC.h */ = {isa = PBXFileReference; fileEncoding = 4; lastKnownFileType = sourcecode.c.h; path = PassValueBlockVC.h; sourceTree = "<group>"; };
		C0A924631B7B9A3A009C3574 /* PassValueBlockVC.m */ = {isa = PBXFileReference; fileEncoding = 4; lastKnownFileType = sourcecode.c.objc; path = PassValueBlockVC.m; sourceTree = "<group>"; };
		C0A924651B7BA0B9009C3574 /* TextViewController.h */ = {isa = PBXFileReference; fileEncoding = 4; lastKnownFileType = sourcecode.c.h; path = TextViewController.h; sourceTree = "<group>"; };
		C0A924661B7BA0B9009C3574 /* TextViewController.m */ = {isa = PBXFileReference; fileEncoding = 4; lastKnownFileType = sourcecode.c.objc; path = TextViewController.m; sourceTree = "<group>"; };
		C0DA6D421B7CEA4E005F72DF /* AdScrollTimerViewController.h */ = {isa = PBXFileReference; fileEncoding = 4; lastKnownFileType = sourcecode.c.h; path = AdScrollTimerViewController.h; sourceTree = "<group>"; };
		C0DA6D431B7CEA4E005F72DF /* AdScrollTimerViewController.m */ = {isa = PBXFileReference; fileEncoding = 4; lastKnownFileType = sourcecode.c.objc; path = AdScrollTimerViewController.m; sourceTree = "<group>"; };
		C0DA6D451B7CEA6C005F72DF /* AdvertiseView.h */ = {isa = PBXFileReference; fileEncoding = 4; lastKnownFileType = sourcecode.c.h; path = AdvertiseView.h; sourceTree = "<group>"; };
		C0DA6D461B7CEA6C005F72DF /* AdvertiseView.m */ = {isa = PBXFileReference; fileEncoding = 4; lastKnownFileType = sourcecode.c.objc; path = AdvertiseView.m; sourceTree = "<group>"; };
		C0DA6D481B7CFB0A005F72DF /* OCDataSourceDemo.h */ = {isa = PBXFileReference; fileEncoding = 4; lastKnownFileType = sourcecode.c.h; path = OCDataSourceDemo.h; sourceTree = "<group>"; };
		C0DA6D491B7CFB0A005F72DF /* OCDataSourceDemo.m */ = {isa = PBXFileReference; fileEncoding = 4; lastKnownFileType = sourcecode.c.objc; path = OCDataSourceDemo.m; sourceTree = "<group>"; };
		C0E662071B92B1E200F5F5B2 /* AddTBCellViewController.h */ = {isa = PBXFileReference; fileEncoding = 4; lastKnownFileType = sourcecode.c.h; path = AddTBCellViewController.h; sourceTree = "<group>"; };
		C0E662081B92B1E200F5F5B2 /* AddTBCellViewController.m */ = {isa = PBXFileReference; fileEncoding = 4; lastKnownFileType = sourcecode.c.objc; path = AddTBCellViewController.m; sourceTree = "<group>"; };
		C0E6620A1B93442F00F5F5B2 /* GLHeaderView.h */ = {isa = PBXFileReference; fileEncoding = 4; lastKnownFileType = sourcecode.c.h; path = GLHeaderView.h; sourceTree = "<group>"; };
		C0E6620B1B93442F00F5F5B2 /* GLHeaderView.m */ = {isa = PBXFileReference; fileEncoding = 4; lastKnownFileType = sourcecode.c.objc; path = GLHeaderView.m; sourceTree = "<group>"; };
		CA8AB85E7A636C441E328926 /* Pods.release.xcconfig */ = {isa = PBXFileReference; includeInIndex = 1; lastKnownFileType = text.xcconfig; name = Pods.release.xcconfig; path = "Pods/Target Support Files/Pods/Pods.release.xcconfig"; sourceTree = "<group>"; };
		FA24930CC2192A402FFE4E43 /* libPods.a */ = {isa = PBXFileReference; explicitFileType = archive.ar; includeInIndex = 0; path = libPods.a; sourceTree = BUILT_PRODUCTS_DIR; };
/* End PBXFileReference section */

/* Begin PBXFrameworksBuildPhase section */
		65ECE8681B588AA9003134B2 /* Frameworks */ = {
			isa = PBXFrameworksBuildPhase;
			buildActionMask = 2147483647;
			files = (
				D9B4260E6DC676C7B599BB11 /* libPods.a in Frameworks */,
			);
			runOnlyForDeploymentPostprocessing = 0;
		};
		65ECE8811B588AA9003134B2 /* Frameworks */ = {
			isa = PBXFrameworksBuildPhase;
			buildActionMask = 2147483647;
			files = (
			);
			runOnlyForDeploymentPostprocessing = 0;
		};
/* End PBXFrameworksBuildPhase section */

/* Begin PBXGroup section */
		0FA79A2481540D0FCE88CF2E /* Pods */ = {
			isa = PBXGroup;
			children = (
				A6792D75E9C3A86AC56556AC /* Pods.debug.xcconfig */,
				CA8AB85E7A636C441E328926 /* Pods.release.xcconfig */,
			);
			name = Pods;
			sourceTree = "<group>";
		};
		6529C35D1B8FEC94008E62CF /* StoryBoards */ = {
			isa = PBXGroup;
			children = (
				65ECE8781B588AA9003134B2 /* Main.storyboard */,
				6567D94B1B6F033A004176B9 /* GLNetWorkDemo.storyboard */,
			);
			name = StoryBoards;
			sourceTree = "<group>";
		};
		657686FC1B5DF15400173D56 /* Model */ = {
			isa = PBXGroup;
			children = (
				65EEE3381B8EE25700340778 /* SingletonDefine.h */,
				65EEE32C1B8EE1A700340778 /* GLNavigator */,
				65EBADB41B637751005F22BD /* GURLRequest.h */,
				65EBADB51B637751005F22BD /* GURLRequest.m */,
				657686FD1B5DF1AA00173D56 /* PassMesg.h */,
				65EBADAF1B6364F9005F22BD /* TNBaseHTTPRequest.m */,
				65EBADAE1B6364F9005F22BD /* TNBaseHTTPRequest.h */,
				65EBADAB1B633C12005F22BD /* TNTrainTicketManger.h */,
				65EBADAC1B633C12005F22BD /* TNTrainTicketManger.m */,
				657686FE1B5DF1AA00173D56 /* PassMesg.m */,
				65EBADB71B6382FB005F22BD /* TNTrainAd.h */,
				65EBADB81B6382FB005F22BD /* TNTrainAd.m */,
				65DA43681B7B2B06003A4A23 /* BlockModel.h */,
				65DA43691B7B2B06003A4A23 /* BlockModel.m */,
			);
			name = Model;
			sourceTree = "<group>";
		};
		65E945F11B5C8C54002CC8BB /* DemoVC */ = {
			isa = PBXGroup;
			children = (
				65ECE89D1B5899EC003134B2 /* ScrollDemoVC.h */,
				65ECE89E1B5899EC003134B2 /* ScrollDemoVC.m */,
				65ECE89A1B58985A003134B2 /* ButtonDemoVC.h */,
				65ECE89B1B58985A003134B2 /* ButtonDemoVC.m */,
				650CEF621B5FA2BE00C001F3 /* TestDemoVC.h */,
				650CEF631B5FA2BE00C001F3 /* TestDemoVC.m */,
				65ECE8A61B589A5D003134B2 /* AnimationDemoVC.h */,
				65ECE8A71B589A5D003134B2 /* AnimationDemoVC.m */,
				65ECE8A31B589A4D003134B2 /* TarBarDemoVC.h */,
				65ECE8A41B589A4D003134B2 /* TarBarDemoVC.m */,
				65ECE8A01B589A30003134B2 /* PickerViewDemoVC.h */,
				65ECE8A11B589A30003134B2 /* PickerViewDemoVC.m */,
				6567D9481B6F02A1004176B9 /* GLNetWorkDemo.h */,
				6567D9491B6F02A1004176B9 /* GLNetWorkDemo.m */,
				C0A924621B7B9A3A009C3574 /* PassValueBlockVC.h */,
				C0A924631B7B9A3A009C3574 /* PassValueBlockVC.m */,
				C0A924651B7BA0B9009C3574 /* TextViewController.h */,
				C0A924661B7BA0B9009C3574 /* TextViewController.m */,
				C0DA6D421B7CEA4E005F72DF /* AdScrollTimerViewController.h */,
				C0DA6D431B7CEA4E005F72DF /* AdScrollTimerViewController.m */,
				C0DA6D481B7CFB0A005F72DF /* OCDataSourceDemo.h */,
				C0DA6D491B7CFB0A005F72DF /* OCDataSourceDemo.m */,
				65D8DF6B1B845CEE007E31BA /* LoginDemoVC.h */,
				65D8DF6C1B845CEE007E31BA /* LoginDemoVC.m */,
				65D52A781B857B37009774EF /* WebViewDemo.h */,
				65D52A791B857B37009774EF /* WebViewDemo.m */,
				C053ABF51B8F5AA200BE5F5F /* GLPresentViewController.h */,
				C053ABF61B8F5AA200BE5F5F /* GLPresentViewController.m */,
				C0E662071B92B1E200F5F5B2 /* AddTBCellViewController.h */,
				C0E662081B92B1E200F5F5B2 /* AddTBCellViewController.m */,
				65F53F191B93F5AD00D019B9 /* TableViewDemoViewController.h */,
				65F53F1A1B93F5AD00D019B9 /* TableViewDemoViewController.m */,
			);
			name = DemoVC;
			sourceTree = "<group>";
		};
		65E945F21B5C8CA9002CC8BB /* TabBarVC */ = {
			isa = PBXGroup;
			children = (
				65D9B9B21B5C892A00ED4040 /* FifthViewController.h */,
				65D9B9B31B5C892A00ED4040 /* FifthViewController.m */,
				65ECE8CB1B58CA92003134B2 /* ThirdViewController.h */,
				65ECE8CC1B58CA92003134B2 /* ThirdViewController.m */,
				65A825811B6601A100E3BAB1 /* TrainStationVC.h */,
				65A825821B6601A100E3BAB1 /* TrainStationVC.m */,
				65ECE8CE1B58CA9C003134B2 /* ForthViewController.h */,
				65ECE8CF1B58CA9C003134B2 /* ForthViewController.m */,
				65ECE8A91B589AA9003134B2 /* RootViewController.h */,
				65ECE8AA1B589AA9003134B2 /* RootViewController.m */,
				65ECE8C51B58B08B003134B2 /* UITabBarViewController.h */,
				65ECE8C61B58B08B003134B2 /* UITabBarViewController.m */,
				65ECE8C81B58BF25003134B2 /* SecondViewController.h */,
				65ECE8C91B58BF25003134B2 /* SecondViewController.m */,
			);
			name = TabBarVC;
			sourceTree = "<group>";
		};
		65ECE8621B588AA9003134B2 = {
			isa = PBXGroup;
			children = (
				65ECE86D1B588AA9003134B2 /* Demos */,
				65ECE8871B588AA9003134B2 /* DemosTests */,
				65ECE86C1B588AA9003134B2 /* Products */,
				0FA79A2481540D0FCE88CF2E /* Pods */,
				D0E5D6E8C2B4078AC4914368 /* Frameworks */,
			);
			sourceTree = "<group>";
		};
		65ECE86C1B588AA9003134B2 /* Products */ = {
			isa = PBXGroup;
			children = (
				65ECE86B1B588AA9003134B2 /* Demos.app */,
				65ECE8841B588AA9003134B2 /* DemosTests.xctest */,
			);
			name = Products;
			sourceTree = "<group>";
		};
		65ECE86D1B588AA9003134B2 /* Demos */ = {
			isa = PBXGroup;
			children = (
				C053ABF81B8F728B00BE5F5F /* TNTopBarView.h */,
				C053ABF91B8F728B00BE5F5F /* TNTopBarView.m */,
				65ECE8731B588AA9003134B2 /* AppDelegate.m */,
				65ECE8721B588AA9003134B2 /* AppDelegate.h */,
				65ECE8AC1B589ACA003134B2 /* AppEngine */,
				65ECE8AD1B589AEB003134B2 /* lib */,
				65ECE8AE1B589AF3003134B2 /* Home */,
				65ECE87B1B588AA9003134B2 /* Images.xcassets */,
				65ECE87D1B588AA9003134B2 /* LaunchScreen.xib */,
				65ECE86E1B588AA9003134B2 /* Supporting Files */,
			);
			path = Demos;
			sourceTree = "<group>";
		};
		65ECE86E1B588AA9003134B2 /* Supporting Files */ = {
			isa = PBXGroup;
			children = (
				65ECE86F1B588AA9003134B2 /* Info.plist */,
				65ECE8701B588AA9003134B2 /* main.m */,
				6523294C1B5CC05500D69074 /* PrefixHeader.pch */,
			);
			name = "Supporting Files";
			sourceTree = "<group>";
		};
		65ECE8871B588AA9003134B2 /* DemosTests */ = {
			isa = PBXGroup;
			children = (
				65ECE88A1B588AA9003134B2 /* DemosTests.m */,
				65ECE8881B588AA9003134B2 /* Supporting Files */,
			);
			path = DemosTests;
			sourceTree = "<group>";
		};
		65ECE8881B588AA9003134B2 /* Supporting Files */ = {
			isa = PBXGroup;
			children = (
				65ECE8891B588AA9003134B2 /* Info.plist */,
			);
			name = "Supporting Files";
			sourceTree = "<group>";
		};
		65ECE8AC1B589ACA003134B2 /* AppEngine */ = {
			isa = PBXGroup;
			children = (
				65ECE8BE1B58A8B0003134B2 /* config.h */,
			);
			name = AppEngine;
			sourceTree = "<group>";
		};
		65ECE8AD1B589AEB003134B2 /* lib */ = {
			isa = PBXGroup;
			children = (
				65EEE3391B8EFBAF00340778 /* UIColor+TKCategory.h */,
				65EEE33A1B8EFBAF00340778 /* UIColor+TKCategory.m */,
				65EBADB11B636CFB005F22BD /* NSString+TNExtends.h */,
				65EBADB21B636CFB005F22BD /* NSString+TNExtends.m */,
				65D9B9B51B5C8A4000ED4040 /* UIViewController+ScrollingNavbar.h */,
				65D9B9B61B5C8A4000ED4040 /* UIViewController+ScrollingNavbar.m */,
				65ECE8D11B590359003134B2 /* CNPPopupController.h */,
				65ECE8D21B590359003134B2 /* CNPPopupController.m */,
				65ECE8C21B58AA8F003134B2 /* UIView+Positioning.h */,
				65ECE8C31B58AA8F003134B2 /* UIView+Positioning.m */,
				65ECE8BB1B58A80C003134B2 /* NSTimer+Addition.h */,
				65ECE8BC1B58A80C003134B2 /* NSTimer+Addition.m */,
				65ECE8B11B589B39003134B2 /* Category */,
				6529C3631B9054BD008E62CF /* UIViewController+Analysis.h */,
				6529C3641B9054BD008E62CF /* UIViewController+Analysis.m */,
			);
			name = lib;
			sourceTree = "<group>";
		};
		65ECE8AE1B589AF3003134B2 /* Home */ = {
			isa = PBXGroup;
			children = (
				6529C35D1B8FEC94008E62CF /* StoryBoards */,
				657686FC1B5DF15400173D56 /* Model */,
				65ECE8B01B589B1A003134B2 /* Views */,
				65ECE8AF1B589AFE003134B2 /* Controllers */,
			);
			name = Home;
			sourceTree = "<group>";
		};
		65ECE8AF1B589AFE003134B2 /* Controllers */ = {
			isa = PBXGroup;
			children = (
				65E945F21B5C8CA9002CC8BB /* TabBarVC */,
				65E945F11B5C8C54002CC8BB /* DemoVC */,
				65EEE33C1B8F207E00340778 /* GLBarViewController.h */,
				65EEE33D1B8F207E00340778 /* GLBarViewController.m */,
			);
			name = Controllers;
			sourceTree = "<group>";
		};
		65ECE8B01B589B1A003134B2 /* Views */ = {
			isa = PBXGroup;
			children = (
				C0E6620A1B93442F00F5F5B2 /* GLHeaderView.h */,
				C0E6620B1B93442F00F5F5B2 /* GLHeaderView.m */,
				6529C35E1B8FFA00008E62CF /* UIButton+Position.h */,
				6529C35F1B8FFA00008E62CF /* UIButton+Position.m */,
				65D9E9EF1B7C3265000CCF21 /* GLTopBarView.h */,
				65D9E9F01B7C3265000CCF21 /* GLTopBarView.m */,
				65ECE8BF1B58A9CC003134B2 /* TNHomeSpecialSaleCell.m */,
				65ECE8C01B58A9CC003134B2 /* TNHomeSpecialSaleCell.h */,
				65ECE8B81B58A804003134B2 /* TNCycleScrollView.h */,
				65ECE8B91B58A804003134B2 /* TNCycleScrollView.m */,
				65ECE8B51B58A79C003134B2 /* TNTableViewCell.h */,
				65ECE8B61B58A79C003134B2 /* TNTableViewCell.m */,
				65F1E21C1B5E449300AFC350 /* OButton.h */,
				65F1E21D1B5E449300AFC350 /* OButton.m */,
				65EBADA81B6330DC005F22BD /* LayoutSubviews.h */,
				65EBADA91B6330DC005F22BD /* LayoutSubviews.m */,
				6567D94D1B6F1329004176B9 /* NetWorkCell.h */,
				6567D94E1B6F1329004176B9 /* NetWorkCell.m */,
				6567D9501B6F3CD3004176B9 /* CustomCell.h */,
				6567D9511B6F3CD3004176B9 /* CustomCell.m */,
				6567D9521B6F3CD3004176B9 /* CustomCell.xib */,
				C0DA6D451B7CEA6C005F72DF /* AdvertiseView.h */,
				C0DA6D461B7CEA6C005F72DF /* AdvertiseView.m */,
				65D882B11B91879E00B775A0 /* MainCell.h */,
				65D882B21B91879E00B775A0 /* MainCell.m */,
				65D882B31B91879E00B775A0 /* MainCell.xib */,
				65D882B61B9187B500B775A0 /* AttachCell.h */,
				65D882B71B9187B500B775A0 /* AttachCell.m */,
				65D882B81B9187B500B775A0 /* AttachCell.xib */,
			);
			name = Views;
			sourceTree = "<group>";
		};
		65ECE8B11B589B39003134B2 /* Category */ = {
			isa = PBXGroup;
			children = (
				6529C3691B905670008E62CF /* Toast+UIView.h */,
				6529C36A1B905670008E62CF /* Toast+UIView.m */,
				6529C3661B905560008E62CF /* NSObject+BlackMagic.h */,
				6529C3671B905560008E62CF /* NSObject+BlackMagic.m */,
				C04B87381B8CC0F000A69068 /* NSArray+GLStuff.h */,
				C04B87391B8CC0F000A69068 /* NSArray+GLStuff.m */,
			);
			name = Category;
			sourceTree = "<group>";
		};
		65EEE32C1B8EE1A700340778 /* GLNavigator */ = {
			isa = PBXGroup;
			children = (
				65EEE32D1B8EE1C300340778 /* TNNavigator.h */,
				65EEE32E1B8EE1C300340778 /* TNNavigator.m */,
				65EEE32F1B8EE1C300340778 /* TNNavigationMap.h */,
				65EEE3301B8EE1C300340778 /* TNNavigationMap.m */,
				65EEE3311B8EE1C300340778 /* TNNavigationURLHelper.h */,
				65EEE3321B8EE1C300340778 /* TNNavigationURLHelper.m */,
				65EEE3331B8EE1C300340778 /* TNNavigationURLs.h */,
				65EEE3341B8EE1C300340778 /* TNNavigationProtocol.h */,
			);
			name = GLNavigator;
			sourceTree = "<group>";
		};
		D0E5D6E8C2B4078AC4914368 /* Frameworks */ = {
			isa = PBXGroup;
			children = (
				FA24930CC2192A402FFE4E43 /* libPods.a */,
			);
			name = Frameworks;
			sourceTree = "<group>";
		};
/* End PBXGroup section */

/* Begin PBXNativeTarget section */
		65ECE86A1B588AA9003134B2 /* Demos */ = {
			isa = PBXNativeTarget;
			buildConfigurationList = 65ECE88E1B588AA9003134B2 /* Build configuration list for PBXNativeTarget "Demos" */;
			buildPhases = (
				FE11EFC719E88BA702C76773 /* Check Pods Manifest.lock */,
				65ECE8671B588AA9003134B2 /* Sources */,
				65ECE8681B588AA9003134B2 /* Frameworks */,
				65ECE8691B588AA9003134B2 /* Resources */,
				5D0388801D50D67FB2EDC849 /* Copy Pods Resources */,
			);
			buildRules = (
			);
			dependencies = (
			);
			name = Demos;
			productName = Demos;
			productReference = 65ECE86B1B588AA9003134B2 /* Demos.app */;
			productType = "com.apple.product-type.application";
		};
		65ECE8831B588AA9003134B2 /* DemosTests */ = {
			isa = PBXNativeTarget;
			buildConfigurationList = 65ECE8911B588AA9003134B2 /* Build configuration list for PBXNativeTarget "DemosTests" */;
			buildPhases = (
				65ECE8801B588AA9003134B2 /* Sources */,
				65ECE8811B588AA9003134B2 /* Frameworks */,
				65ECE8821B588AA9003134B2 /* Resources */,
			);
			buildRules = (
			);
			dependencies = (
				65ECE8861B588AA9003134B2 /* PBXTargetDependency */,
			);
			name = DemosTests;
			productName = DemosTests;
			productReference = 65ECE8841B588AA9003134B2 /* DemosTests.xctest */;
			productType = "com.apple.product-type.bundle.unit-test";
		};
/* End PBXNativeTarget section */

/* Begin PBXProject section */
		65ECE8631B588AA9003134B2 /* Project object */ = {
			isa = PBXProject;
			attributes = {
				LastUpgradeCheck = 0640;
				ORGANIZATIONNAME = schiller;
				TargetAttributes = {
					65ECE86A1B588AA9003134B2 = {
						CreatedOnToolsVersion = 6.4;
					};
					65ECE8831B588AA9003134B2 = {
						CreatedOnToolsVersion = 6.4;
						TestTargetID = 65ECE86A1B588AA9003134B2;
					};
				};
			};
			buildConfigurationList = 65ECE8661B588AA9003134B2 /* Build configuration list for PBXProject "Demos" */;
			compatibilityVersion = "Xcode 3.2";
			developmentRegion = English;
			hasScannedForEncodings = 0;
			knownRegions = (
				en,
				Base,
			);
			mainGroup = 65ECE8621B588AA9003134B2;
			productRefGroup = 65ECE86C1B588AA9003134B2 /* Products */;
			projectDirPath = "";
			projectRoot = "";
			targets = (
				65ECE86A1B588AA9003134B2 /* Demos */,
				65ECE8831B588AA9003134B2 /* DemosTests */,
			);
		};
/* End PBXProject section */

/* Begin PBXResourcesBuildPhase section */
		65ECE8691B588AA9003134B2 /* Resources */ = {
			isa = PBXResourcesBuildPhase;
			buildActionMask = 2147483647;
			files = (
				6567D9541B6F3CD3004176B9 /* CustomCell.xib in Resources */,
				65ECE87A1B588AA9003134B2 /* Main.storyboard in Resources */,
				65D882BA1B9187B500B775A0 /* AttachCell.xib in Resources */,
				65D882B51B91879E00B775A0 /* MainCell.xib in Resources */,
				65ECE87F1B588AA9003134B2 /* LaunchScreen.xib in Resources */,
				65ECE87C1B588AA9003134B2 /* Images.xcassets in Resources */,
				6567D94C1B6F033A004176B9 /* GLNetWorkDemo.storyboard in Resources */,
			);
			runOnlyForDeploymentPostprocessing = 0;
		};
		65ECE8821B588AA9003134B2 /* Resources */ = {
			isa = PBXResourcesBuildPhase;
			buildActionMask = 2147483647;
			files = (
			);
			runOnlyForDeploymentPostprocessing = 0;
		};
/* End PBXResourcesBuildPhase section */

/* Begin PBXShellScriptBuildPhase section */
		5D0388801D50D67FB2EDC849 /* Copy Pods Resources */ = {
			isa = PBXShellScriptBuildPhase;
			buildActionMask = 2147483647;
			files = (
			);
			inputPaths = (
			);
			name = "Copy Pods Resources";
			outputPaths = (
			);
			runOnlyForDeploymentPostprocessing = 0;
			shellPath = /bin/sh;
			shellScript = "\"${SRCROOT}/Pods/Target Support Files/Pods/Pods-resources.sh\"\n";
			showEnvVarsInLog = 0;
		};
		FE11EFC719E88BA702C76773 /* Check Pods Manifest.lock */ = {
			isa = PBXShellScriptBuildPhase;
			buildActionMask = 2147483647;
			files = (
			);
			inputPaths = (
			);
			name = "Check Pods Manifest.lock";
			outputPaths = (
			);
			runOnlyForDeploymentPostprocessing = 0;
			shellPath = /bin/sh;
			shellScript = "diff \"${PODS_ROOT}/../Podfile.lock\" \"${PODS_ROOT}/Manifest.lock\" > /dev/null\nif [[ $? != 0 ]] ; then\n    cat << EOM\nerror: The sandbox is not in sync with the Podfile.lock. Run 'pod install' or update your CocoaPods installation.\nEOM\n    exit 1\nfi\n";
			showEnvVarsInLog = 0;
		};
/* End PBXShellScriptBuildPhase section */

/* Begin PBXSourcesBuildPhase section */
		65ECE8671B588AA9003134B2 /* Sources */ = {
			isa = PBXSourcesBuildPhase;
			buildActionMask = 2147483647;
			files = (
				6529C36B1B905670008E62CF /* Toast+UIView.m in Sources */,
				65ECE8CA1B58BF25003134B2 /* SecondViewController.m in Sources */,
				C0DA6D4A1B7CFB0A005F72DF /* OCDataSourceDemo.m in Sources */,
				65EBADAD1B633C12005F22BD /* TNTrainTicketManger.m in Sources */,
				6567D9531B6F3CD3004176B9 /* CustomCell.m in Sources */,
				C053ABFA1B8F728B00BE5F5F /* TNTopBarView.m in Sources */,
				65EBADB01B6364F9005F22BD /* TNBaseHTTPRequest.m in Sources */,
				65ECE8A21B589A30003134B2 /* PickerViewDemoVC.m in Sources */,
				65EEE3371B8EE1C300340778 /* TNNavigationURLHelper.m in Sources */,
				65ECE8C41B58AA8F003134B2 /* UIView+Positioning.m in Sources */,
				65ECE8D01B58CA9C003134B2 /* ForthViewController.m in Sources */,
				65D9B9B71B5C8A4000ED4040 /* UIViewController+ScrollingNavbar.m in Sources */,
				65D9B9B41B5C892A00ED4040 /* FifthViewController.m in Sources */,
				65ECE8A81B589A5D003134B2 /* AnimationDemoVC.m in Sources */,
				6529C3681B905560008E62CF /* NSObject+BlackMagic.m in Sources */,
				C04B873A1B8CC0F000A69068 /* NSArray+GLStuff.m in Sources */,
				6529C3651B9054BD008E62CF /* UIViewController+Analysis.m in Sources */,
				65ECE8BA1B58A804003134B2 /* TNCycleScrollView.m in Sources */,
				65F53F1B1B93F5AD00D019B9 /* TableViewDemoViewController.m in Sources */,
				65ECE8AB1B589AA9003134B2 /* RootViewController.m in Sources */,
				65EBADB61B637751005F22BD /* GURLRequest.m in Sources */,
				65D882B91B9187B500B775A0 /* AttachCell.m in Sources */,
				C053ABF71B8F5AA200BE5F5F /* GLPresentViewController.m in Sources */,
				65A825831B6601A100E3BAB1 /* TrainStationVC.m in Sources */,
				65EBADAA1B6330DC005F22BD /* LayoutSubviews.m in Sources */,
				65EEE33B1B8EFBAF00340778 /* UIColor+TKCategory.m in Sources */,
				65ECE89F1B5899EC003134B2 /* ScrollDemoVC.m in Sources */,
				65ECE8BD1B58A80C003134B2 /* NSTimer+Addition.m in Sources */,
				C0E662091B92B1E200F5F5B2 /* AddTBCellViewController.m in Sources */,
				6529C3601B8FFA00008E62CF /* UIButton+Position.m in Sources */,
				65D9E9F11B7C3265000CCF21 /* GLTopBarView.m in Sources */,
				65F1E21E1B5E449300AFC350 /* OButton.m in Sources */,
				65EEE33E1B8F207E00340778 /* GLBarViewController.m in Sources */,
				C0E6620C1B93442F00F5F5B2 /* GLHeaderView.m in Sources */,
				65EBADB31B636CFB005F22BD /* NSString+TNExtends.m in Sources */,
				6567D94F1B6F1329004176B9 /* NetWorkCell.m in Sources */,
				C0DA6D471B7CEA6C005F72DF /* AdvertiseView.m in Sources */,
				65ECE8A51B589A4D003134B2 /* TarBarDemoVC.m in Sources */,
				65ECE8C71B58B08B003134B2 /* UITabBarViewController.m in Sources */,
				65ECE8CD1B58CA92003134B2 /* ThirdViewController.m in Sources */,
				65DA436A1B7B2B06003A4A23 /* BlockModel.m in Sources */,
				65ECE8741B588AA9003134B2 /* AppDelegate.m in Sources */,
				65EEE3361B8EE1C300340778 /* TNNavigationMap.m in Sources */,
				65EEE3351B8EE1C300340778 /* TNNavigator.m in Sources */,
				65D8DF6D1B845CEE007E31BA /* LoginDemoVC.m in Sources */,
				65ECE8711B588AA9003134B2 /* main.m in Sources */,
				C0DA6D441B7CEA4E005F72DF /* AdScrollTimerViewController.m in Sources */,
				65ECE8D31B590359003134B2 /* CNPPopupController.m in Sources */,
				65ECE89C1B58985A003134B2 /* ButtonDemoVC.m in Sources */,
				65D882B41B91879E00B775A0 /* MainCell.m in Sources */,
				65ECE8B71B58A79C003134B2 /* TNTableViewCell.m in Sources */,
				65EBADB91B6382FB005F22BD /* TNTrainAd.m in Sources */,
				6567D94A1B6F02A1004176B9 /* GLNetWorkDemo.m in Sources */,
				65D52A7A1B857B37009774EF /* WebViewDemo.m in Sources */,
				C0A924671B7BA0B9009C3574 /* TextViewController.m in Sources */,
				657686FF1B5DF1AA00173D56 /* PassMesg.m in Sources */,
				65ECE8C11B58A9CC003134B2 /* TNHomeSpecialSaleCell.m in Sources */,
				650CEF641B5FA2BE00C001F3 /* TestDemoVC.m in Sources */,
				C0A924641B7B9A3A009C3574 /* PassValueBlockVC.m in Sources */,
			);
			runOnlyForDeploymentPostprocessing = 0;
		};
		65ECE8801B588AA9003134B2 /* Sources */ = {
			isa = PBXSourcesBuildPhase;
			buildActionMask = 2147483647;
			files = (
				65ECE88B1B588AA9003134B2 /* DemosTests.m in Sources */,
			);
			runOnlyForDeploymentPostprocessing = 0;
		};
/* End PBXSourcesBuildPhase section */

/* Begin PBXTargetDependency section */
		65ECE8861B588AA9003134B2 /* PBXTargetDependency */ = {
			isa = PBXTargetDependency;
			target = 65ECE86A1B588AA9003134B2 /* Demos */;
			targetProxy = 65ECE8851B588AA9003134B2 /* PBXContainerItemProxy */;
		};
/* End PBXTargetDependency section */

/* Begin PBXVariantGroup section */
		65ECE8781B588AA9003134B2 /* Main.storyboard */ = {
			isa = PBXVariantGroup;
			children = (
				65ECE8791B588AA9003134B2 /* Base */,
			);
			name = Main.storyboard;
			sourceTree = "<group>";
		};
		65ECE87D1B588AA9003134B2 /* LaunchScreen.xib */ = {
			isa = PBXVariantGroup;
			children = (
				65ECE87E1B588AA9003134B2 /* Base */,
			);
			name = LaunchScreen.xib;
			sourceTree = "<group>";
		};
/* End PBXVariantGroup section */

/* Begin XCBuildConfiguration section */
		65ECE88C1B588AA9003134B2 /* Debug */ = {
			isa = XCBuildConfiguration;
			buildSettings = {
				ALWAYS_SEARCH_USER_PATHS = YES;
				CLANG_CXX_LANGUAGE_STANDARD = "gnu++0x";
				CLANG_CXX_LIBRARY = "libc++";
				CLANG_ENABLE_MODULES = YES;
				CLANG_ENABLE_OBJC_ARC = YES;
				CLANG_WARN_BOOL_CONVERSION = YES;
				CLANG_WARN_CONSTANT_CONVERSION = YES;
				CLANG_WARN_DIRECT_OBJC_ISA_USAGE = YES_ERROR;
				CLANG_WARN_EMPTY_BODY = YES;
				CLANG_WARN_ENUM_CONVERSION = YES;
				CLANG_WARN_INT_CONVERSION = YES;
				CLANG_WARN_OBJC_ROOT_CLASS = YES_ERROR;
				CLANG_WARN_UNREACHABLE_CODE = YES;
				CLANG_WARN__DUPLICATE_METHOD_MATCH = YES;
				"CODE_SIGN_IDENTITY[sdk=iphoneos*]" = "iPhone Developer";
				COPY_PHASE_STRIP = NO;
				DEBUG_INFORMATION_FORMAT = "dwarf-with-dsym";
				ENABLE_STRICT_OBJC_MSGSEND = YES;
				GCC_C_LANGUAGE_STANDARD = gnu99;
				GCC_DYNAMIC_NO_PIC = NO;
				GCC_NO_COMMON_BLOCKS = YES;
				GCC_OPTIMIZATION_LEVEL = 0;
				GCC_PRECOMPILE_PREFIX_HEADER = YES;
				GCC_PREFIX_HEADER = "$(SRCROOT)/Demos/PrefixHeader.pch";
				GCC_PREPROCESSOR_DEFINITIONS = (
					"DEBUG=1",
					"$(inherited)",
				);
				GCC_SYMBOLS_PRIVATE_EXTERN = NO;
				GCC_WARN_64_TO_32_BIT_CONVERSION = YES;
				GCC_WARN_ABOUT_RETURN_TYPE = YES_ERROR;
				GCC_WARN_UNDECLARED_SELECTOR = YES;
				GCC_WARN_UNINITIALIZED_AUTOS = YES_AGGRESSIVE;
				GCC_WARN_UNUSED_FUNCTION = YES;
				GCC_WARN_UNUSED_VARIABLE = YES;
				HEADER_SEARCH_PATHS = (
					"$(inherited)",
					/Applications/Xcode.app/Contents/Developer/Toolchains/XcodeDefault.xctoolchain/usr/include,
				);
				IPHONEOS_DEPLOYMENT_TARGET = 8.4;
				MTL_ENABLE_DEBUG_INFO = YES;
				ONLY_ACTIVE_ARCH = YES;
				SDKROOT = iphoneos;
				TARGETED_DEVICE_FAMILY = "1,2";
			};
			name = Debug;
		};
		65ECE88D1B588AA9003134B2 /* Release */ = {
			isa = XCBuildConfiguration;
			buildSettings = {
				ALWAYS_SEARCH_USER_PATHS = YES;
				CLANG_CXX_LANGUAGE_STANDARD = "gnu++0x";
				CLANG_CXX_LIBRARY = "libc++";
				CLANG_ENABLE_MODULES = YES;
				CLANG_ENABLE_OBJC_ARC = YES;
				CLANG_WARN_BOOL_CONVERSION = YES;
				CLANG_WARN_CONSTANT_CONVERSION = YES;
				CLANG_WARN_DIRECT_OBJC_ISA_USAGE = YES_ERROR;
				CLANG_WARN_EMPTY_BODY = YES;
				CLANG_WARN_ENUM_CONVERSION = YES;
				CLANG_WARN_INT_CONVERSION = YES;
				CLANG_WARN_OBJC_ROOT_CLASS = YES_ERROR;
				CLANG_WARN_UNREACHABLE_CODE = YES;
				CLANG_WARN__DUPLICATE_METHOD_MATCH = YES;
				"CODE_SIGN_IDENTITY[sdk=iphoneos*]" = "iPhone Developer";
				COPY_PHASE_STRIP = NO;
				DEBUG_INFORMATION_FORMAT = "dwarf-with-dsym";
				ENABLE_NS_ASSERTIONS = NO;
				ENABLE_STRICT_OBJC_MSGSEND = YES;
				GCC_C_LANGUAGE_STANDARD = gnu99;
				GCC_NO_COMMON_BLOCKS = YES;
				GCC_PRECOMPILE_PREFIX_HEADER = YES;
				GCC_PREFIX_HEADER = "$(SRCROOT)/Demos/PrefixHeader.pch";
				GCC_WARN_64_TO_32_BIT_CONVERSION = YES;
				GCC_WARN_ABOUT_RETURN_TYPE = YES_ERROR;
				GCC_WARN_UNDECLARED_SELECTOR = YES;
				GCC_WARN_UNINITIALIZED_AUTOS = YES_AGGRESSIVE;
				GCC_WARN_UNUSED_FUNCTION = YES;
				GCC_WARN_UNUSED_VARIABLE = YES;
				HEADER_SEARCH_PATHS = (
					"$(inherited)",
					/Applications/Xcode.app/Contents/Developer/Toolchains/XcodeDefault.xctoolchain/usr/include,
				);
				IPHONEOS_DEPLOYMENT_TARGET = 8.4;
				MTL_ENABLE_DEBUG_INFO = NO;
				SDKROOT = iphoneos;
				TARGETED_DEVICE_FAMILY = "1,2";
				VALIDATE_PRODUCT = YES;
			};
			name = Release;
		};
		65ECE88F1B588AA9003134B2 /* Debug */ = {
			isa = XCBuildConfiguration;
			baseConfigurationReference = A6792D75E9C3A86AC56556AC /* Pods.debug.xcconfig */;
			buildSettings = {
				ASSETCATALOG_COMPILER_APPICON_NAME = AppIcon;
				INFOPLIST_FILE = Demos/Info.plist;
				IPHONEOS_DEPLOYMENT_TARGET = 8.0;
				LD_RUNPATH_SEARCH_PATHS = "$(inherited) @executable_path/Frameworks";
				PRODUCT_NAME = "$(TARGET_NAME)";
			};
			name = Debug;
		};
		65ECE8901B588AA9003134B2 /* Release */ = {
			isa = XCBuildConfiguration;
			baseConfigurationReference = CA8AB85E7A636C441E328926 /* Pods.release.xcconfig */;
			buildSettings = {
				ASSETCATALOG_COMPILER_APPICON_NAME = AppIcon;
				INFOPLIST_FILE = Demos/Info.plist;
				IPHONEOS_DEPLOYMENT_TARGET = 8.0;
				LD_RUNPATH_SEARCH_PATHS = "$(inherited) @executable_path/Frameworks";
				PRODUCT_NAME = "$(TARGET_NAME)";
			};
			name = Release;
		};
		65ECE8921B588AA9003134B2 /* Debug */ = {
			isa = XCBuildConfiguration;
			buildSettings = {
				BUNDLE_LOADER = "$(TEST_HOST)";
				FRAMEWORK_SEARCH_PATHS = (
					"$(SDKROOT)/Developer/Library/Frameworks",
					"$(inherited)",
				);
				GCC_PREPROCESSOR_DEFINITIONS = (
					"DEBUG=1",
					"$(inherited)",
				);
				INFOPLIST_FILE = DemosTests/Info.plist;
				LD_RUNPATH_SEARCH_PATHS = "$(inherited) @executable_path/Frameworks @loader_path/Frameworks";
				PRODUCT_NAME = "$(TARGET_NAME)";
				TEST_HOST = "$(BUILT_PRODUCTS_DIR)/Demos.app/Demos";
			};
			name = Debug;
		};
		65ECE8931B588AA9003134B2 /* Release */ = {
			isa = XCBuildConfiguration;
			buildSettings = {
				BUNDLE_LOADER = "$(TEST_HOST)";
				FRAMEWORK_SEARCH_PATHS = (
					"$(SDKROOT)/Developer/Library/Frameworks",
					"$(inherited)",
				);
				INFOPLIST_FILE = DemosTests/Info.plist;
				LD_RUNPATH_SEARCH_PATHS = "$(inherited) @executable_path/Frameworks @loader_path/Frameworks";
				PRODUCT_NAME = "$(TARGET_NAME)";
				TEST_HOST = "$(BUILT_PRODUCTS_DIR)/Demos.app/Demos";
			};
			name = Release;
		};
/* End XCBuildConfiguration section */

/* Begin XCConfigurationList section */
		65ECE8661B588AA9003134B2 /* Build configuration list for PBXProject "Demos" */ = {
			isa = XCConfigurationList;
			buildConfigurations = (
				65ECE88C1B588AA9003134B2 /* Debug */,
				65ECE88D1B588AA9003134B2 /* Release */,
			);
			defaultConfigurationIsVisible = 0;
			defaultConfigurationName = Release;
		};
		65ECE88E1B588AA9003134B2 /* Build configuration list for PBXNativeTarget "Demos" */ = {
			isa = XCConfigurationList;
			buildConfigurations = (
				65ECE88F1B588AA9003134B2 /* Debug */,
				65ECE8901B588AA9003134B2 /* Release */,
			);
			defaultConfigurationIsVisible = 0;
			defaultConfigurationName = Release;
		};
		65ECE8911B588AA9003134B2 /* Build configuration list for PBXNativeTarget "DemosTests" */ = {
			isa = XCConfigurationList;
			buildConfigurations = (
				65ECE8921B588AA9003134B2 /* Debug */,
				65ECE8931B588AA9003134B2 /* Release */,
			);
			defaultConfigurationIsVisible = 0;
			defaultConfigurationName = Release;
		};
/* End XCConfigurationList section */
	};
	rootObject = 65ECE8631B588AA9003134B2 /* Project object */;
}
