// !$*UTF8*$!
{
	archiveVersion = 1;
	classes = {
	};
	objectVersion = 46;
	objects = {

/* Begin PBXBuildFile section */
		6506F6041C61897B00A4D747 /* GLCommonModel.m in Sources */ = {isa = PBXBuildFile; fileRef = 6506F6031C61897B00A4D747 /* GLCommonModel.m */; settings = {ASSET_TAGS = (); }; };
		6506F6081C618F8100A4D747 /* AppVersion.plist in Resources */ = {isa = PBXBuildFile; fileRef = 6506F6071C618F8100A4D747 /* AppVersion.plist */; settings = {ASSET_TAGS = (); }; };
		6506F6131C61A5F200A4D747 /* GLJSPatchManager.m in Sources */ = {isa = PBXBuildFile; fileRef = 6506F6121C61A5F200A4D747 /* GLJSPatchManager.m */; settings = {ASSET_TAGS = (); }; };
		65E3E8581B9D24E2002AD494 /* CFNetwork.framework in Frameworks */ = {isa = PBXBuildFile; fileRef = 65E3E8571B9D24E2002AD494 /* CFNetwork.framework */; };
		65ECE8711B588AA9003134B2 /* main.m in Sources */ = {isa = PBXBuildFile; fileRef = 65ECE8701B588AA9003134B2 /* main.m */; };
		65ECE8741B588AA9003134B2 /* AppDelegate.m in Sources */ = {isa = PBXBuildFile; fileRef = 65ECE8731B588AA9003134B2 /* AppDelegate.m */; };
		65ECE87C1B588AA9003134B2 /* Images.xcassets in Resources */ = {isa = PBXBuildFile; fileRef = 65ECE87B1B588AA9003134B2 /* Images.xcassets */; };
		65ECE88B1B588AA9003134B2 /* DemosTests.m in Sources */ = {isa = PBXBuildFile; fileRef = 65ECE88A1B588AA9003134B2 /* DemosTests.m */; };
		65F07B4D1C3DFF1E00E13CB7 /* GLNetWorkDemo.storyboard in Resources */ = {isa = PBXBuildFile; fileRef = 65F07B4A1C3DFF1E00E13CB7 /* GLNetWorkDemo.storyboard */; };
		65F07B4E1C3DFF1E00E13CB7 /* LaunchScreen.xib in Resources */ = {isa = PBXBuildFile; fileRef = 65F07B4B1C3DFF1E00E13CB7 /* LaunchScreen.xib */; };
		65F07B4F1C3DFF1E00E13CB7 /* Main.storyboard in Resources */ = {isa = PBXBuildFile; fileRef = 65F07B4C1C3DFF1E00E13CB7 /* Main.storyboard */; };
		65F07B531C3E002000E13CB7 /* NSObject+BlackMagic.m in Sources */ = {isa = PBXBuildFile; fileRef = 65F07B521C3E002000E13CB7 /* NSObject+BlackMagic.m */; };
		65F07B581C3E010400E13CB7 /* UIViewController+ScrollingNavbar.m in Sources */ = {isa = PBXBuildFile; fileRef = 65F07B571C3E010400E13CB7 /* UIViewController+ScrollingNavbar.m */; };
		65F07B5F1C3E019F00E13CB7 /* CNPPopupController.m in Sources */ = {isa = PBXBuildFile; fileRef = 65F07B5E1C3E019F00E13CB7 /* CNPPopupController.m */; };
		65F07B651C3E05D200E13CB7 /* OCDataSourceDemo.m in Sources */ = {isa = PBXBuildFile; fileRef = 65F07B621C3E05D200E13CB7 /* OCDataSourceDemo.m */; };
		65F07B661C3E05D200E13CB7 /* PassValueBlockVC.m in Sources */ = {isa = PBXBuildFile; fileRef = 65F07B641C3E05D200E13CB7 /* PassValueBlockVC.m */; };
		65F07B6B1C3E05D700E13CB7 /* MainCell.m in Sources */ = {isa = PBXBuildFile; fileRef = 65F07B691C3E05D700E13CB7 /* MainCell.m */; };
		65F07B6C1C3E05D700E13CB7 /* MainCell.xib in Resources */ = {isa = PBXBuildFile; fileRef = 65F07B6A1C3E05D700E13CB7 /* MainCell.xib */; };
		65F07B6F1C3E062C00E13CB7 /* RootViewController.m in Sources */ = {isa = PBXBuildFile; fileRef = 65F07B6E1C3E062C00E13CB7 /* RootViewController.m */; };
		65F07B721C3E063E00E13CB7 /* ScrollDemoVC.m in Sources */ = {isa = PBXBuildFile; fileRef = 65F07B711C3E063E00E13CB7 /* ScrollDemoVC.m */; };
		65F07B751C3E07E700E13CB7 /* PassMesg.m in Sources */ = {isa = PBXBuildFile; fileRef = 65F07B741C3E07E700E13CB7 /* PassMesg.m */; };
		65F07B7B1C3E081E00E13CB7 /* TNHomeSpecialSaleCell.m in Sources */ = {isa = PBXBuildFile; fileRef = 65F07B7A1C3E081E00E13CB7 /* TNHomeSpecialSaleCell.m */; };
		65F07B7E1C3E083800E13CB7 /* TarBarDemoVC.m in Sources */ = {isa = PBXBuildFile; fileRef = 65F07B7D1C3E083800E13CB7 /* TarBarDemoVC.m */; };
		65F07BEB1C3E0B0300E13CB7 /* AnimationDemoVC.m in Sources */ = {isa = PBXBuildFile; fileRef = 65F07B841C3E0B0300E13CB7 /* AnimationDemoVC.m */; };
		65F07BEC1C3E0B0300E13CB7 /* AttachCell.m in Sources */ = {isa = PBXBuildFile; fileRef = 65F07B861C3E0B0300E13CB7 /* AttachCell.m */; };
		65F07BED1C3E0B0300E13CB7 /* AttachCell.xib in Resources */ = {isa = PBXBuildFile; fileRef = 65F07B871C3E0B0300E13CB7 /* AttachCell.xib */; };
		65F07BEE1C3E0B0300E13CB7 /* ButtonDemoVC.m in Sources */ = {isa = PBXBuildFile; fileRef = 65F07B891C3E0B0300E13CB7 /* ButtonDemoVC.m */; };
		65F07BEF1C3E0B0300E13CB7 /* CustomCell.m in Sources */ = {isa = PBXBuildFile; fileRef = 65F07B8B1C3E0B0300E13CB7 /* CustomCell.m */; };
		65F07BF01C3E0B0300E13CB7 /* CustomCell.xib in Resources */ = {isa = PBXBuildFile; fileRef = 65F07B8C1C3E0B0300E13CB7 /* CustomCell.xib */; };
		65F07BF11C3E0B0300E13CB7 /* GLBarViewController.m in Sources */ = {isa = PBXBuildFile; fileRef = 65F07B8E1C3E0B0300E13CB7 /* GLBarViewController.m */; };
		65F07BF21C3E0B0300E13CB7 /* GLNetWorkDemo.m in Sources */ = {isa = PBXBuildFile; fileRef = 65F07B901C3E0B0300E13CB7 /* GLNetWorkDemo.m */; };
		65F07BF31C3E0B0300E13CB7 /* GLPresentViewController.m in Sources */ = {isa = PBXBuildFile; fileRef = 65F07B921C3E0B0300E13CB7 /* GLPresentViewController.m */; };
		65F07BF41C3E0B0300E13CB7 /* GLSearchMoreTypeView.m in Sources */ = {isa = PBXBuildFile; fileRef = 65F07B941C3E0B0300E13CB7 /* GLSearchMoreTypeView.m */; };
		65F07BF51C3E0B0300E13CB7 /* GLTrainScrollBarView.m in Sources */ = {isa = PBXBuildFile; fileRef = 65F07B961C3E0B0300E13CB7 /* GLTrainScrollBarView.m */; };
		65F07C121C3E0B0300E13CB7 /* LayoutSubviews.m in Sources */ = {isa = PBXBuildFile; fileRef = 65F07BDA1C3E0B0300E13CB7 /* LayoutSubviews.m */; };
		65F07C131C3E0B0300E13CB7 /* NetWorkCell.m in Sources */ = {isa = PBXBuildFile; fileRef = 65F07BDC1C3E0B0300E13CB7 /* NetWorkCell.m */; };
		65F07C141C3E0B0300E13CB7 /* PickerViewDemoVC.m in Sources */ = {isa = PBXBuildFile; fileRef = 65F07BDE1C3E0B0300E13CB7 /* PickerViewDemoVC.m */; };
		65F07C151C3E0B0300E13CB7 /* SubButtonDemoVC.m in Sources */ = {isa = PBXBuildFile; fileRef = 65F07BE01C3E0B0300E13CB7 /* SubButtonDemoVC.m */; };
		65F07C161C3E0B0300E13CB7 /* TestDemoVC.m in Sources */ = {isa = PBXBuildFile; fileRef = 65F07BE21C3E0B0300E13CB7 /* TestDemoVC.m */; };
		65F07C171C3E0B0300E13CB7 /* TestNet101ViewController.m in Sources */ = {isa = PBXBuildFile; fileRef = 65F07BE41C3E0B0300E13CB7 /* TestNet101ViewController.m */; };
		65F07C191C3E0B0300E13CB7 /* TNTableViewCell.m in Sources */ = {isa = PBXBuildFile; fileRef = 65F07BE81C3E0B0300E13CB7 /* TNTableViewCell.m */; };
		65F07C1A1C3E0B0300E13CB7 /* WebViewDemo.m in Sources */ = {isa = PBXBuildFile; fileRef = 65F07BEA1C3E0B0300E13CB7 /* WebViewDemo.m */; };
		65F07C201C3E145000E13CB7 /* UIImageView+GLExtensions.m in Sources */ = {isa = PBXBuildFile; fileRef = 65F07C1F1C3E145000E13CB7 /* UIImageView+GLExtensions.m */; };
		C059BE661C46A6DA00225A21 /* TextViewController.m in Sources */ = {isa = PBXBuildFile; fileRef = C059BE651C46A6DA00225A21 /* TextViewController.m */; };
		C059BE6D1C46A72E00225A21 /* TextViewDataSource.m in Sources */ = {isa = PBXBuildFile; fileRef = C059BE6C1C46A72E00225A21 /* TextViewDataSource.m */; };
		C059BE751C46A77B00225A21 /* TextViewCollectionViewCell.m in Sources */ = {isa = PBXBuildFile; fileRef = C059BE741C46A77B00225A21 /* TextViewCollectionViewCell.m */; };
		C0CA80241C3BE6DA00ABE564 /* TNCycleScrollView.m in Sources */ = {isa = PBXBuildFile; fileRef = C0CA80231C3BE6DA00ABE564 /* TNCycleScrollView.m */; };
		C0CA802D1C3BE88C00ABE564 /* NSString+TNExtends.m in Sources */ = {isa = PBXBuildFile; fileRef = C0CA802A1C3BE88C00ABE564 /* NSString+TNExtends.m */; };
		C0CA802E1C3BE88C00ABE564 /* NSString+URLEncoding.m in Sources */ = {isa = PBXBuildFile; fileRef = C0CA802C1C3BE88C00ABE564 /* NSString+URLEncoding.m */; };
		C0CA80311C3BE8AD00ABE564 /* NSTimer+Addition.m in Sources */ = {isa = PBXBuildFile; fileRef = C0CA80301C3BE8AD00ABE564 /* NSTimer+Addition.m */; };
		C0CA80351C3BE8EF00ABE564 /* TNTopBarView.m in Sources */ = {isa = PBXBuildFile; fileRef = C0CA80341C3BE8EF00ABE564 /* TNTopBarView.m */; };
		C0CA80381C3BE95800ABE564 /* GLTopBarView.m in Sources */ = {isa = PBXBuildFile; fileRef = C0CA80371C3BE95800ABE564 /* GLTopBarView.m */; };
		C0CA805E1C3BF35F00ABE564 /* AddTBCellViewController.m in Sources */ = {isa = PBXBuildFile; fileRef = C0CA80551C3BF35F00ABE564 /* AddTBCellViewController.m */; };
		C0CA805F1C3BF35F00ABE564 /* AdScrollTimerViewController.m in Sources */ = {isa = PBXBuildFile; fileRef = C0CA80571C3BF35F00ABE564 /* AdScrollTimerViewController.m */; };
		C0CA80601C3BF35F00ABE564 /* AdvertiseView.m in Sources */ = {isa = PBXBuildFile; fileRef = C0CA805B1C3BF35F00ABE564 /* AdvertiseView.m */; };
		C0CA80611C3BF35F00ABE564 /* GLHeaderView.m in Sources */ = {isa = PBXBuildFile; fileRef = C0CA805D1C3BF35F00ABE564 /* GLHeaderView.m */; };
		C0CA80641C3BF95000ABE564 /* base64.m in Sources */ = {isa = PBXBuildFile; fileRef = C0CA80631C3BF95000ABE564 /* base64.m */; };
		C0CA80741C3BF9A300ABE564 /* PersonModel.m in Sources */ = {isa = PBXBuildFile; fileRef = C0CA80731C3BF9A300ABE564 /* PersonModel.m */; };
		C0CA807F1C3BFBA800ABE564 /* GLUserLoginViewController.m in Sources */ = {isa = PBXBuildFile; fileRef = C0CA807E1C3BFBA800ABE564 /* GLUserLoginViewController.m */; };
		C0CA80811C3BFBF300ABE564 /* LoginDemoVC.m in Sources */ = {isa = PBXBuildFile; fileRef = C0CA80801C3BFBF300ABE564 /* LoginDemoVC.m */; };
		C0CA80951C3BFD4A00ABE564 /* FifthViewController.m in Sources */ = {isa = PBXBuildFile; fileRef = C0CA80861C3BFD4A00ABE564 /* FifthViewController.m */; };
		C0CA80961C3BFD4A00ABE564 /* ForthViewController.m in Sources */ = {isa = PBXBuildFile; fileRef = C0CA80881C3BFD4A00ABE564 /* ForthViewController.m */; };
		C0CA80971C3BFD4A00ABE564 /* SecondViewController.m in Sources */ = {isa = PBXBuildFile; fileRef = C0CA808A1C3BFD4A00ABE564 /* SecondViewController.m */; };
		C0CA80981C3BFD4A00ABE564 /* ThirdViewController.m in Sources */ = {isa = PBXBuildFile; fileRef = C0CA808C1C3BFD4A00ABE564 /* ThirdViewController.m */; };
		C0CA80991C3BFD4A00ABE564 /* UITabBarViewController.m in Sources */ = {isa = PBXBuildFile; fileRef = C0CA808E1C3BFD4A00ABE564 /* UITabBarViewController.m */; };
		C0CA809E1C3BFDA500ABE564 /* GLLoginView.m in Sources */ = {isa = PBXBuildFile; fileRef = C0CA809D1C3BFDA500ABE564 /* GLLoginView.m */; };
		C0CA80A11C3BFDB000ABE564 /* GLLoginManager.m in Sources */ = {isa = PBXBuildFile; fileRef = C0CA80A01C3BFDB000ABE564 /* GLLoginManager.m */; };
		C0CA80A41C3C00AC00ABE564 /* GLUserRegisterView.m in Sources */ = {isa = PBXBuildFile; fileRef = C0CA80A31C3C00AC00ABE564 /* GLUserRegisterView.m */; };
		C0E9D73F1C38174A00138BAB /* XTOnePixelLine.m in Sources */ = {isa = PBXBuildFile; fileRef = C0E9D73C1C38174A00138BAB /* XTOnePixelLine.m */; };
		C0E9D7471C38189C00138BAB /* XTURLRequest.m in Sources */ = {isa = PBXBuildFile; fileRef = C0E9D7461C38189C00138BAB /* XTURLRequest.m */; };
		C0E9D74F1C3818EE00138BAB /* Toast+UIView.m in Sources */ = {isa = PBXBuildFile; fileRef = C0E9D74C1C3818EE00138BAB /* Toast+UIView.m */; };
		C0E9D7641C381C3900138BAB /* UIView+Positioning.m in Sources */ = {isa = PBXBuildFile; fileRef = C0E9D7611C381C3900138BAB /* UIView+Positioning.m */; };
		C0E9D7651C381C3900138BAB /* UIViewController+Analysis.m in Sources */ = {isa = PBXBuildFile; fileRef = C0E9D7631C381C3900138BAB /* UIViewController+Analysis.m */; };
		C0E9D7681C381C9B00138BAB /* Toast+UIView.m in Sources */ = {isa = PBXBuildFile; fileRef = C0E9D7671C381C9B00138BAB /* Toast+UIView.m */; };
		C0E9D76B1C381D2100138BAB /* NSArray+GLStuff.m in Sources */ = {isa = PBXBuildFile; fileRef = C0E9D76A1C381D2100138BAB /* NSArray+GLStuff.m */; };
		C0E9D7731C381E6800138BAB /* GLNetwork.m in Sources */ = {isa = PBXBuildFile; fileRef = C0E9D76E1C381E6800138BAB /* GLNetwork.m */; };
		C0E9D7741C381E6800138BAB /* GLRequest.m in Sources */ = {isa = PBXBuildFile; fileRef = C0E9D7701C381E6800138BAB /* GLRequest.m */; };
		C0E9D7751C381E6800138BAB /* GURLRequest.m in Sources */ = {isa = PBXBuildFile; fileRef = C0E9D7721C381E6800138BAB /* GURLRequest.m */; };
		C0E9D77A1C381F1700138BAB /* UIButton+Position.m in Sources */ = {isa = PBXBuildFile; fileRef = C0E9D7771C381F1700138BAB /* UIButton+Position.m */; };
		C0E9D77B1C381F1700138BAB /* UIColor+TKCategory.m in Sources */ = {isa = PBXBuildFile; fileRef = C0E9D7791C381F1700138BAB /* UIColor+TKCategory.m */; };
		C0E9D78D1C38205E00138BAB /* OButton.m in Sources */ = {isa = PBXBuildFile; fileRef = C0E9D77F1C38205E00138BAB /* OButton.m */; };
		C0E9D78E1C38205E00138BAB /* TNBase64.m in Sources */ = {isa = PBXBuildFile; fileRef = C0E9D7811C38205E00138BAB /* TNBase64.m */; };
		C0E9D78F1C38205E00138BAB /* TNJSONModel.m in Sources */ = {isa = PBXBuildFile; fileRef = C0E9D7831C38205E00138BAB /* TNJSONModel.m */; };
		C0E9D7901C38205E00138BAB /* TNJSONStuff.m in Sources */ = {isa = PBXBuildFile; fileRef = C0E9D7851C38205E00138BAB /* TNJSONStuff.m */; };
		C0E9D7911C38205E00138BAB /* TNNavigationMap.m in Sources */ = {isa = PBXBuildFile; fileRef = C0E9D7871C38205E00138BAB /* TNNavigationMap.m */; };
		C0E9D7921C38205E00138BAB /* TNNavigationURLHelper.m in Sources */ = {isa = PBXBuildFile; fileRef = C0E9D78A1C38205E00138BAB /* TNNavigationURLHelper.m */; };
		C0E9D7931C38205E00138BAB /* TNNavigator.m in Sources */ = {isa = PBXBuildFile; fileRef = C0E9D78C1C38205E00138BAB /* TNNavigator.m */; };
		D9B4260E6DC676C7B599BB11 /* libPods.a in Frameworks */ = {isa = PBXBuildFile; fileRef = FA24930CC2192A402FFE4E43 /* libPods.a */; };
/* End PBXBuildFile section */

/* Begin PBXContainerItemProxy section */
		65ECE8851B588AA9003134B2 /* PBXContainerItemProxy */ = {
			isa = PBXContainerItemProxy;
			containerPortal = 65ECE8631B588AA9003134B2 /* Project object */;
			proxyType = 1;
			remoteGlobalIDString = 65ECE86A1B588AA9003134B2;
			remoteInfo = Demos;
		};
/* End PBXContainerItemProxy section */

/* Begin PBXFileReference section */
		6506F6021C61897B00A4D747 /* GLCommonModel.h */ = {isa = PBXFileReference; fileEncoding = 4; lastKnownFileType = sourcecode.c.h; path = GLCommonModel.h; sourceTree = "<group>"; };
		6506F6031C61897B00A4D747 /* GLCommonModel.m */ = {isa = PBXFileReference; fileEncoding = 4; lastKnownFileType = sourcecode.c.objc; path = GLCommonModel.m; sourceTree = "<group>"; };
		6506F6071C618F8100A4D747 /* AppVersion.plist */ = {isa = PBXFileReference; fileEncoding = 4; lastKnownFileType = text.plist.xml; path = AppVersion.plist; sourceTree = "<group>"; };
		6506F6111C61A5F200A4D747 /* GLJSPatchManager.h */ = {isa = PBXFileReference; fileEncoding = 4; lastKnownFileType = sourcecode.c.h; path = GLJSPatchManager.h; sourceTree = "<group>"; };
		6506F6121C61A5F200A4D747 /* GLJSPatchManager.m */ = {isa = PBXFileReference; fileEncoding = 4; lastKnownFileType = sourcecode.c.objc; path = GLJSPatchManager.m; sourceTree = "<group>"; };
		6523294C1B5CC05500D69074 /* PrefixHeader.pch */ = {isa = PBXFileReference; fileEncoding = 4; lastKnownFileType = sourcecode.c.h; path = PrefixHeader.pch; sourceTree = "<group>"; };
		65E3E8571B9D24E2002AD494 /* CFNetwork.framework */ = {isa = PBXFileReference; lastKnownFileType = wrapper.framework; name = CFNetwork.framework; path = System/Library/Frameworks/CFNetwork.framework; sourceTree = SDKROOT; };
		65ECE86B1B588AA9003134B2 /* Demos.app */ = {isa = PBXFileReference; explicitFileType = wrapper.application; includeInIndex = 0; path = Demos.app; sourceTree = BUILT_PRODUCTS_DIR; };
		65ECE86F1B588AA9003134B2 /* Info.plist */ = {isa = PBXFileReference; lastKnownFileType = text.plist.xml; path = Info.plist; sourceTree = "<group>"; };
		65ECE8701B588AA9003134B2 /* main.m */ = {isa = PBXFileReference; lastKnownFileType = sourcecode.c.objc; path = main.m; sourceTree = "<group>"; };
		65ECE8721B588AA9003134B2 /* AppDelegate.h */ = {isa = PBXFileReference; lastKnownFileType = sourcecode.c.h; path = AppDelegate.h; sourceTree = "<group>"; };
		65ECE8731B588AA9003134B2 /* AppDelegate.m */ = {isa = PBXFileReference; lastKnownFileType = sourcecode.c.objc; path = AppDelegate.m; sourceTree = "<group>"; };
		65ECE87B1B588AA9003134B2 /* Images.xcassets */ = {isa = PBXFileReference; lastKnownFileType = folder.assetcatalog; path = Images.xcassets; sourceTree = "<group>"; };
		65ECE8841B588AA9003134B2 /* DemosTests.xctest */ = {isa = PBXFileReference; explicitFileType = wrapper.cfbundle; includeInIndex = 0; path = DemosTests.xctest; sourceTree = BUILT_PRODUCTS_DIR; };
		65ECE8891B588AA9003134B2 /* Info.plist */ = {isa = PBXFileReference; lastKnownFileType = text.plist.xml; path = Info.plist; sourceTree = "<group>"; };
		65ECE88A1B588AA9003134B2 /* DemosTests.m */ = {isa = PBXFileReference; lastKnownFileType = sourcecode.c.objc; path = DemosTests.m; sourceTree = "<group>"; };
		65F07B4A1C3DFF1E00E13CB7 /* GLNetWorkDemo.storyboard */ = {isa = PBXFileReference; fileEncoding = 4; lastKnownFileType = file.storyboard; path = GLNetWorkDemo.storyboard; sourceTree = "<group>"; };
		65F07B4B1C3DFF1E00E13CB7 /* LaunchScreen.xib */ = {isa = PBXFileReference; fileEncoding = 4; lastKnownFileType = file.xib; path = LaunchScreen.xib; sourceTree = "<group>"; };
		65F07B4C1C3DFF1E00E13CB7 /* Main.storyboard */ = {isa = PBXFileReference; fileEncoding = 4; lastKnownFileType = file.storyboard; path = Main.storyboard; sourceTree = "<group>"; };
		65F07B511C3E002000E13CB7 /* NSObject+BlackMagic.h */ = {isa = PBXFileReference; fileEncoding = 4; lastKnownFileType = sourcecode.c.h; path = "NSObject+BlackMagic.h"; sourceTree = "<group>"; };
		65F07B521C3E002000E13CB7 /* NSObject+BlackMagic.m */ = {isa = PBXFileReference; fileEncoding = 4; lastKnownFileType = sourcecode.c.objc; path = "NSObject+BlackMagic.m"; sourceTree = "<group>"; };
		65F07B551C3E00CB00E13CB7 /* SingletonDefine.h */ = {isa = PBXFileReference; fileEncoding = 4; lastKnownFileType = sourcecode.c.h; path = SingletonDefine.h; sourceTree = "<group>"; };
		65F07B561C3E00FF00E13CB7 /* UIViewController+ScrollingNavbar.h */ = {isa = PBXFileReference; fileEncoding = 4; lastKnownFileType = sourcecode.c.h; path = "UIViewController+ScrollingNavbar.h"; sourceTree = "<group>"; };
		65F07B571C3E010400E13CB7 /* UIViewController+ScrollingNavbar.m */ = {isa = PBXFileReference; fileEncoding = 4; lastKnownFileType = sourcecode.c.objc; path = "UIViewController+ScrollingNavbar.m"; sourceTree = "<group>"; };
		65F07B5D1C3E019F00E13CB7 /* CNPPopupController.h */ = {isa = PBXFileReference; fileEncoding = 4; lastKnownFileType = sourcecode.c.h; path = CNPPopupController.h; sourceTree = "<group>"; };
		65F07B5E1C3E019F00E13CB7 /* CNPPopupController.m */ = {isa = PBXFileReference; fileEncoding = 4; lastKnownFileType = sourcecode.c.objc; path = CNPPopupController.m; sourceTree = "<group>"; };
		65F07B611C3E05D200E13CB7 /* OCDataSourceDemo.h */ = {isa = PBXFileReference; fileEncoding = 4; lastKnownFileType = sourcecode.c.h; path = OCDataSourceDemo.h; sourceTree = "<group>"; };
		65F07B621C3E05D200E13CB7 /* OCDataSourceDemo.m */ = {isa = PBXFileReference; fileEncoding = 4; lastKnownFileType = sourcecode.c.objc; path = OCDataSourceDemo.m; sourceTree = "<group>"; };
		65F07B631C3E05D200E13CB7 /* PassValueBlockVC.h */ = {isa = PBXFileReference; fileEncoding = 4; lastKnownFileType = sourcecode.c.h; path = PassValueBlockVC.h; sourceTree = "<group>"; };
		65F07B641C3E05D200E13CB7 /* PassValueBlockVC.m */ = {isa = PBXFileReference; fileEncoding = 4; lastKnownFileType = sourcecode.c.objc; path = PassValueBlockVC.m; sourceTree = "<group>"; };
		65F07B681C3E05D700E13CB7 /* MainCell.h */ = {isa = PBXFileReference; fileEncoding = 4; lastKnownFileType = sourcecode.c.h; path = MainCell.h; sourceTree = "<group>"; };
		65F07B691C3E05D700E13CB7 /* MainCell.m */ = {isa = PBXFileReference; fileEncoding = 4; lastKnownFileType = sourcecode.c.objc; path = MainCell.m; sourceTree = "<group>"; };
		65F07B6A1C3E05D700E13CB7 /* MainCell.xib */ = {isa = PBXFileReference; fileEncoding = 4; lastKnownFileType = file.xib; path = MainCell.xib; sourceTree = "<group>"; };
		65F07B6D1C3E062600E13CB7 /* RootViewController.h */ = {isa = PBXFileReference; fileEncoding = 4; lastKnownFileType = sourcecode.c.h; path = RootViewController.h; sourceTree = "<group>"; };
		65F07B6E1C3E062C00E13CB7 /* RootViewController.m */ = {isa = PBXFileReference; fileEncoding = 4; lastKnownFileType = sourcecode.c.objc; path = RootViewController.m; sourceTree = "<group>"; };
		65F07B701C3E063900E13CB7 /* ScrollDemoVC.h */ = {isa = PBXFileReference; fileEncoding = 4; lastKnownFileType = sourcecode.c.h; path = ScrollDemoVC.h; sourceTree = "<group>"; };
		65F07B711C3E063E00E13CB7 /* ScrollDemoVC.m */ = {isa = PBXFileReference; fileEncoding = 4; lastKnownFileType = sourcecode.c.objc; path = ScrollDemoVC.m; sourceTree = "<group>"; };
		65F07B731C3E07E200E13CB7 /* PassMesg.h */ = {isa = PBXFileReference; fileEncoding = 4; lastKnownFileType = sourcecode.c.h; path = PassMesg.h; sourceTree = "<group>"; };
		65F07B741C3E07E700E13CB7 /* PassMesg.m */ = {isa = PBXFileReference; fileEncoding = 4; lastKnownFileType = sourcecode.c.objc; path = PassMesg.m; sourceTree = "<group>"; };
		65F07B791C3E081E00E13CB7 /* TNHomeSpecialSaleCell.h */ = {isa = PBXFileReference; fileEncoding = 4; lastKnownFileType = sourcecode.c.h; path = TNHomeSpecialSaleCell.h; sourceTree = "<group>"; };
		65F07B7A1C3E081E00E13CB7 /* TNHomeSpecialSaleCell.m */ = {isa = PBXFileReference; fileEncoding = 4; lastKnownFileType = sourcecode.c.objc; path = TNHomeSpecialSaleCell.m; sourceTree = "<group>"; };
		65F07B7C1C3E082F00E13CB7 /* TarBarDemoVC.h */ = {isa = PBXFileReference; fileEncoding = 4; lastKnownFileType = sourcecode.c.h; path = TarBarDemoVC.h; sourceTree = "<group>"; };
		65F07B7D1C3E083800E13CB7 /* TarBarDemoVC.m */ = {isa = PBXFileReference; fileEncoding = 4; lastKnownFileType = sourcecode.c.objc; path = TarBarDemoVC.m; sourceTree = "<group>"; };
		65F07B831C3E0B0300E13CB7 /* AnimationDemoVC.h */ = {isa = PBXFileReference; fileEncoding = 4; lastKnownFileType = sourcecode.c.h; path = AnimationDemoVC.h; sourceTree = "<group>"; };
		65F07B841C3E0B0300E13CB7 /* AnimationDemoVC.m */ = {isa = PBXFileReference; fileEncoding = 4; lastKnownFileType = sourcecode.c.objc; path = AnimationDemoVC.m; sourceTree = "<group>"; };
		65F07B851C3E0B0300E13CB7 /* AttachCell.h */ = {isa = PBXFileReference; fileEncoding = 4; lastKnownFileType = sourcecode.c.h; path = AttachCell.h; sourceTree = "<group>"; };
		65F07B861C3E0B0300E13CB7 /* AttachCell.m */ = {isa = PBXFileReference; fileEncoding = 4; lastKnownFileType = sourcecode.c.objc; path = AttachCell.m; sourceTree = "<group>"; };
		65F07B871C3E0B0300E13CB7 /* AttachCell.xib */ = {isa = PBXFileReference; fileEncoding = 4; lastKnownFileType = file.xib; path = AttachCell.xib; sourceTree = "<group>"; };
		65F07B881C3E0B0300E13CB7 /* ButtonDemoVC.h */ = {isa = PBXFileReference; fileEncoding = 4; lastKnownFileType = sourcecode.c.h; path = ButtonDemoVC.h; sourceTree = "<group>"; };
		65F07B891C3E0B0300E13CB7 /* ButtonDemoVC.m */ = {isa = PBXFileReference; fileEncoding = 4; lastKnownFileType = sourcecode.c.objc; path = ButtonDemoVC.m; sourceTree = "<group>"; };
		65F07B8A1C3E0B0300E13CB7 /* CustomCell.h */ = {isa = PBXFileReference; fileEncoding = 4; lastKnownFileType = sourcecode.c.h; path = CustomCell.h; sourceTree = "<group>"; };
		65F07B8B1C3E0B0300E13CB7 /* CustomCell.m */ = {isa = PBXFileReference; fileEncoding = 4; lastKnownFileType = sourcecode.c.objc; path = CustomCell.m; sourceTree = "<group>"; };
		65F07B8C1C3E0B0300E13CB7 /* CustomCell.xib */ = {isa = PBXFileReference; fileEncoding = 4; lastKnownFileType = file.xib; path = CustomCell.xib; sourceTree = "<group>"; };
		65F07B8D1C3E0B0300E13CB7 /* GLBarViewController.h */ = {isa = PBXFileReference; fileEncoding = 4; lastKnownFileType = sourcecode.c.h; path = GLBarViewController.h; sourceTree = "<group>"; };
		65F07B8E1C3E0B0300E13CB7 /* GLBarViewController.m */ = {isa = PBXFileReference; fileEncoding = 4; lastKnownFileType = sourcecode.c.objc; path = GLBarViewController.m; sourceTree = "<group>"; };
		65F07B8F1C3E0B0300E13CB7 /* GLNetWorkDemo.h */ = {isa = PBXFileReference; fileEncoding = 4; lastKnownFileType = sourcecode.c.h; path = GLNetWorkDemo.h; sourceTree = "<group>"; };
		65F07B901C3E0B0300E13CB7 /* GLNetWorkDemo.m */ = {isa = PBXFileReference; fileEncoding = 4; lastKnownFileType = sourcecode.c.objc; path = GLNetWorkDemo.m; sourceTree = "<group>"; };
		65F07B911C3E0B0300E13CB7 /* GLPresentViewController.h */ = {isa = PBXFileReference; fileEncoding = 4; lastKnownFileType = sourcecode.c.h; path = GLPresentViewController.h; sourceTree = "<group>"; };
		65F07B921C3E0B0300E13CB7 /* GLPresentViewController.m */ = {isa = PBXFileReference; fileEncoding = 4; lastKnownFileType = sourcecode.c.objc; path = GLPresentViewController.m; sourceTree = "<group>"; };
		65F07B931C3E0B0300E13CB7 /* GLSearchMoreTypeView.h */ = {isa = PBXFileReference; fileEncoding = 4; lastKnownFileType = sourcecode.c.h; path = GLSearchMoreTypeView.h; sourceTree = "<group>"; };
		65F07B941C3E0B0300E13CB7 /* GLSearchMoreTypeView.m */ = {isa = PBXFileReference; fileEncoding = 4; lastKnownFileType = sourcecode.c.objc; path = GLSearchMoreTypeView.m; sourceTree = "<group>"; };
		65F07B951C3E0B0300E13CB7 /* GLTrainScrollBarView.h */ = {isa = PBXFileReference; fileEncoding = 4; lastKnownFileType = sourcecode.c.h; path = GLTrainScrollBarView.h; sourceTree = "<group>"; };
		65F07B961C3E0B0300E13CB7 /* GLTrainScrollBarView.m */ = {isa = PBXFileReference; fileEncoding = 4; lastKnownFileType = sourcecode.c.objc; path = GLTrainScrollBarView.m; sourceTree = "<group>"; };
		65F07BD91C3E0B0300E13CB7 /* LayoutSubviews.h */ = {isa = PBXFileReference; fileEncoding = 4; lastKnownFileType = sourcecode.c.h; path = LayoutSubviews.h; sourceTree = "<group>"; };
		65F07BDA1C3E0B0300E13CB7 /* LayoutSubviews.m */ = {isa = PBXFileReference; fileEncoding = 4; lastKnownFileType = sourcecode.c.objc; path = LayoutSubviews.m; sourceTree = "<group>"; };
		65F07BDB1C3E0B0300E13CB7 /* NetWorkCell.h */ = {isa = PBXFileReference; fileEncoding = 4; lastKnownFileType = sourcecode.c.h; path = NetWorkCell.h; sourceTree = "<group>"; };
		65F07BDC1C3E0B0300E13CB7 /* NetWorkCell.m */ = {isa = PBXFileReference; fileEncoding = 4; lastKnownFileType = sourcecode.c.objc; path = NetWorkCell.m; sourceTree = "<group>"; };
		65F07BDD1C3E0B0300E13CB7 /* PickerViewDemoVC.h */ = {isa = PBXFileReference; fileEncoding = 4; lastKnownFileType = sourcecode.c.h; path = PickerViewDemoVC.h; sourceTree = "<group>"; };
		65F07BDE1C3E0B0300E13CB7 /* PickerViewDemoVC.m */ = {isa = PBXFileReference; fileEncoding = 4; lastKnownFileType = sourcecode.c.objc; path = PickerViewDemoVC.m; sourceTree = "<group>"; };
		65F07BDF1C3E0B0300E13CB7 /* SubButtonDemoVC.h */ = {isa = PBXFileReference; fileEncoding = 4; lastKnownFileType = sourcecode.c.h; path = SubButtonDemoVC.h; sourceTree = "<group>"; };
		65F07BE01C3E0B0300E13CB7 /* SubButtonDemoVC.m */ = {isa = PBXFileReference; fileEncoding = 4; lastKnownFileType = sourcecode.c.objc; path = SubButtonDemoVC.m; sourceTree = "<group>"; };
		65F07BE11C3E0B0300E13CB7 /* TestDemoVC.h */ = {isa = PBXFileReference; fileEncoding = 4; lastKnownFileType = sourcecode.c.h; path = TestDemoVC.h; sourceTree = "<group>"; };
		65F07BE21C3E0B0300E13CB7 /* TestDemoVC.m */ = {isa = PBXFileReference; fileEncoding = 4; lastKnownFileType = sourcecode.c.objc; path = TestDemoVC.m; sourceTree = "<group>"; };
		65F07BE31C3E0B0300E13CB7 /* TestNet101ViewController.h */ = {isa = PBXFileReference; fileEncoding = 4; lastKnownFileType = sourcecode.c.h; path = TestNet101ViewController.h; sourceTree = "<group>"; };
		65F07BE41C3E0B0300E13CB7 /* TestNet101ViewController.m */ = {isa = PBXFileReference; fileEncoding = 4; lastKnownFileType = sourcecode.c.objc; path = TestNet101ViewController.m; sourceTree = "<group>"; };
		65F07BE71C3E0B0300E13CB7 /* TNTableViewCell.h */ = {isa = PBXFileReference; fileEncoding = 4; lastKnownFileType = sourcecode.c.h; path = TNTableViewCell.h; sourceTree = "<group>"; };
		65F07BE81C3E0B0300E13CB7 /* TNTableViewCell.m */ = {isa = PBXFileReference; fileEncoding = 4; lastKnownFileType = sourcecode.c.objc; path = TNTableViewCell.m; sourceTree = "<group>"; };
		65F07BE91C3E0B0300E13CB7 /* WebViewDemo.h */ = {isa = PBXFileReference; fileEncoding = 4; lastKnownFileType = sourcecode.c.h; path = WebViewDemo.h; sourceTree = "<group>"; };
		65F07BEA1C3E0B0300E13CB7 /* WebViewDemo.m */ = {isa = PBXFileReference; fileEncoding = 4; lastKnownFileType = sourcecode.c.objc; path = WebViewDemo.m; sourceTree = "<group>"; };
		65F07C1E1C3E145000E13CB7 /* UIImageView+GLExtensions.h */ = {isa = PBXFileReference; fileEncoding = 4; lastKnownFileType = sourcecode.c.h; path = "UIImageView+GLExtensions.h"; sourceTree = "<group>"; };
		65F07C1F1C3E145000E13CB7 /* UIImageView+GLExtensions.m */ = {isa = PBXFileReference; fileEncoding = 4; lastKnownFileType = sourcecode.c.objc; path = "UIImageView+GLExtensions.m"; sourceTree = "<group>"; };
		A6792D75E9C3A86AC56556AC /* Pods.debug.xcconfig */ = {isa = PBXFileReference; includeInIndex = 1; lastKnownFileType = text.xcconfig; name = Pods.debug.xcconfig; path = "Pods/Target Support Files/Pods/Pods.debug.xcconfig"; sourceTree = "<group>"; };
		C059BE641C46A6DA00225A21 /* TextViewController.h */ = {isa = PBXFileReference; fileEncoding = 4; lastKnownFileType = sourcecode.c.h; path = TextViewController.h; sourceTree = "<group>"; };
		C059BE651C46A6DA00225A21 /* TextViewController.m */ = {isa = PBXFileReference; fileEncoding = 4; lastKnownFileType = sourcecode.c.objc; path = TextViewController.m; sourceTree = "<group>"; };
		C059BE6B1C46A72E00225A21 /* TextViewDataSource.h */ = {isa = PBXFileReference; fileEncoding = 4; lastKnownFileType = sourcecode.c.h; path = TextViewDataSource.h; sourceTree = "<group>"; };
		C059BE6C1C46A72E00225A21 /* TextViewDataSource.m */ = {isa = PBXFileReference; fileEncoding = 4; lastKnownFileType = sourcecode.c.objc; path = TextViewDataSource.m; sourceTree = "<group>"; };
		C059BE731C46A77B00225A21 /* TextViewCollectionViewCell.h */ = {isa = PBXFileReference; fileEncoding = 4; lastKnownFileType = sourcecode.c.h; path = TextViewCollectionViewCell.h; sourceTree = "<group>"; };
		C059BE741C46A77B00225A21 /* TextViewCollectionViewCell.m */ = {isa = PBXFileReference; fileEncoding = 4; lastKnownFileType = sourcecode.c.objc; path = TextViewCollectionViewCell.m; sourceTree = "<group>"; };
		C0CA80221C3BE6DA00ABE564 /* TNCycleScrollView.h */ = {isa = PBXFileReference; fileEncoding = 4; lastKnownFileType = sourcecode.c.h; path = TNCycleScrollView.h; sourceTree = "<group>"; };
		C0CA80231C3BE6DA00ABE564 /* TNCycleScrollView.m */ = {isa = PBXFileReference; fileEncoding = 4; lastKnownFileType = sourcecode.c.objc; path = TNCycleScrollView.m; sourceTree = "<group>"; };
		C0CA80261C3BE78500ABE564 /* config.h */ = {isa = PBXFileReference; fileEncoding = 4; lastKnownFileType = sourcecode.c.h; path = config.h; sourceTree = "<group>"; };
		C0CA80271C3BE78500ABE564 /* DeliveryMacros.h */ = {isa = PBXFileReference; fileEncoding = 4; lastKnownFileType = sourcecode.c.h; path = DeliveryMacros.h; sourceTree = "<group>"; };
		C0CA80281C3BE78500ABE564 /* EnumsMacros.h */ = {isa = PBXFileReference; fileEncoding = 4; lastKnownFileType = sourcecode.c.h; path = EnumsMacros.h; sourceTree = "<group>"; };
		C0CA80291C3BE88C00ABE564 /* NSString+TNExtends.h */ = {isa = PBXFileReference; fileEncoding = 4; lastKnownFileType = sourcecode.c.h; path = "NSString+TNExtends.h"; sourceTree = "<group>"; };
		C0CA802A1C3BE88C00ABE564 /* NSString+TNExtends.m */ = {isa = PBXFileReference; fileEncoding = 4; lastKnownFileType = sourcecode.c.objc; path = "NSString+TNExtends.m"; sourceTree = "<group>"; };
		C0CA802B1C3BE88C00ABE564 /* NSString+URLEncoding.h */ = {isa = PBXFileReference; fileEncoding = 4; lastKnownFileType = sourcecode.c.h; path = "NSString+URLEncoding.h"; sourceTree = "<group>"; };
		C0CA802C1C3BE88C00ABE564 /* NSString+URLEncoding.m */ = {isa = PBXFileReference; fileEncoding = 4; lastKnownFileType = sourcecode.c.objc; path = "NSString+URLEncoding.m"; sourceTree = "<group>"; };
		C0CA802F1C3BE8AD00ABE564 /* NSTimer+Addition.h */ = {isa = PBXFileReference; fileEncoding = 4; lastKnownFileType = sourcecode.c.h; path = "NSTimer+Addition.h"; sourceTree = "<group>"; };
		C0CA80301C3BE8AD00ABE564 /* NSTimer+Addition.m */ = {isa = PBXFileReference; fileEncoding = 4; lastKnownFileType = sourcecode.c.objc; path = "NSTimer+Addition.m"; sourceTree = "<group>"; };
		C0CA80331C3BE8EF00ABE564 /* TNTopBarView.h */ = {isa = PBXFileReference; fileEncoding = 4; lastKnownFileType = sourcecode.c.h; path = TNTopBarView.h; sourceTree = "<group>"; };
		C0CA80341C3BE8EF00ABE564 /* TNTopBarView.m */ = {isa = PBXFileReference; fileEncoding = 4; lastKnownFileType = sourcecode.c.objc; path = TNTopBarView.m; sourceTree = "<group>"; };
		C0CA80361C3BE95800ABE564 /* GLTopBarView.h */ = {isa = PBXFileReference; fileEncoding = 4; lastKnownFileType = sourcecode.c.h; path = GLTopBarView.h; sourceTree = "<group>"; };
		C0CA80371C3BE95800ABE564 /* GLTopBarView.m */ = {isa = PBXFileReference; fileEncoding = 4; lastKnownFileType = sourcecode.c.objc; path = GLTopBarView.m; sourceTree = "<group>"; };
		C0CA80541C3BF35F00ABE564 /* AddTBCellViewController.h */ = {isa = PBXFileReference; fileEncoding = 4; lastKnownFileType = sourcecode.c.h; path = AddTBCellViewController.h; sourceTree = "<group>"; };
		C0CA80551C3BF35F00ABE564 /* AddTBCellViewController.m */ = {isa = PBXFileReference; fileEncoding = 4; lastKnownFileType = sourcecode.c.objc; path = AddTBCellViewController.m; sourceTree = "<group>"; };
		C0CA80561C3BF35F00ABE564 /* AdScrollTimerViewController.h */ = {isa = PBXFileReference; fileEncoding = 4; lastKnownFileType = sourcecode.c.h; path = AdScrollTimerViewController.h; sourceTree = "<group>"; };
		C0CA80571C3BF35F00ABE564 /* AdScrollTimerViewController.m */ = {isa = PBXFileReference; fileEncoding = 4; lastKnownFileType = sourcecode.c.objc; path = AdScrollTimerViewController.m; sourceTree = "<group>"; };
		C0CA805A1C3BF35F00ABE564 /* AdvertiseView.h */ = {isa = PBXFileReference; fileEncoding = 4; lastKnownFileType = sourcecode.c.h; path = AdvertiseView.h; sourceTree = "<group>"; };
		C0CA805B1C3BF35F00ABE564 /* AdvertiseView.m */ = {isa = PBXFileReference; fileEncoding = 4; lastKnownFileType = sourcecode.c.objc; path = AdvertiseView.m; sourceTree = "<group>"; };
		C0CA805C1C3BF35F00ABE564 /* GLHeaderView.h */ = {isa = PBXFileReference; fileEncoding = 4; lastKnownFileType = sourcecode.c.h; path = GLHeaderView.h; sourceTree = "<group>"; };
		C0CA805D1C3BF35F00ABE564 /* GLHeaderView.m */ = {isa = PBXFileReference; fileEncoding = 4; lastKnownFileType = sourcecode.c.objc; path = GLHeaderView.m; sourceTree = "<group>"; };
		C0CA80621C3BF95000ABE564 /* base64.h */ = {isa = PBXFileReference; fileEncoding = 4; lastKnownFileType = sourcecode.c.h; path = base64.h; sourceTree = "<group>"; };
		C0CA80631C3BF95000ABE564 /* base64.m */ = {isa = PBXFileReference; fileEncoding = 4; lastKnownFileType = sourcecode.c.objc; path = base64.m; sourceTree = "<group>"; };
		C0CA80721C3BF9A300ABE564 /* PersonModel.h */ = {isa = PBXFileReference; fileEncoding = 4; lastKnownFileType = sourcecode.c.h; path = PersonModel.h; sourceTree = "<group>"; };
		C0CA80731C3BF9A300ABE564 /* PersonModel.m */ = {isa = PBXFileReference; fileEncoding = 4; lastKnownFileType = sourcecode.c.objc; path = PersonModel.m; sourceTree = "<group>"; };
		C0CA807D1C3BFBA800ABE564 /* GLUserLoginViewController.h */ = {isa = PBXFileReference; fileEncoding = 4; lastKnownFileType = sourcecode.c.h; path = GLUserLoginViewController.h; sourceTree = "<group>"; };
		C0CA807E1C3BFBA800ABE564 /* GLUserLoginViewController.m */ = {isa = PBXFileReference; fileEncoding = 4; lastKnownFileType = sourcecode.c.objc; path = GLUserLoginViewController.m; sourceTree = "<group>"; };
		C0CA80801C3BFBF300ABE564 /* LoginDemoVC.m */ = {isa = PBXFileReference; fileEncoding = 4; lastKnownFileType = sourcecode.c.objc; path = LoginDemoVC.m; sourceTree = "<group>"; };
		C0CA80821C3BFC1500ABE564 /* LoginDemoVC.h */ = {isa = PBXFileReference; fileEncoding = 4; lastKnownFileType = sourcecode.c.h; path = LoginDemoVC.h; sourceTree = "<group>"; };
		C0CA80851C3BFD4A00ABE564 /* FifthViewController.h */ = {isa = PBXFileReference; fileEncoding = 4; lastKnownFileType = sourcecode.c.h; path = FifthViewController.h; sourceTree = "<group>"; };
		C0CA80861C3BFD4A00ABE564 /* FifthViewController.m */ = {isa = PBXFileReference; fileEncoding = 4; lastKnownFileType = sourcecode.c.objc; path = FifthViewController.m; sourceTree = "<group>"; };
		C0CA80871C3BFD4A00ABE564 /* ForthViewController.h */ = {isa = PBXFileReference; fileEncoding = 4; lastKnownFileType = sourcecode.c.h; path = ForthViewController.h; sourceTree = "<group>"; };
		C0CA80881C3BFD4A00ABE564 /* ForthViewController.m */ = {isa = PBXFileReference; fileEncoding = 4; lastKnownFileType = sourcecode.c.objc; path = ForthViewController.m; sourceTree = "<group>"; };
		C0CA80891C3BFD4A00ABE564 /* SecondViewController.h */ = {isa = PBXFileReference; fileEncoding = 4; lastKnownFileType = sourcecode.c.h; path = SecondViewController.h; sourceTree = "<group>"; };
		C0CA808A1C3BFD4A00ABE564 /* SecondViewController.m */ = {isa = PBXFileReference; fileEncoding = 4; lastKnownFileType = sourcecode.c.objc; path = SecondViewController.m; sourceTree = "<group>"; };
		C0CA808B1C3BFD4A00ABE564 /* ThirdViewController.h */ = {isa = PBXFileReference; fileEncoding = 4; lastKnownFileType = sourcecode.c.h; path = ThirdViewController.h; sourceTree = "<group>"; };
		C0CA808C1C3BFD4A00ABE564 /* ThirdViewController.m */ = {isa = PBXFileReference; fileEncoding = 4; lastKnownFileType = sourcecode.c.objc; path = ThirdViewController.m; sourceTree = "<group>"; };
		C0CA808D1C3BFD4A00ABE564 /* UITabBarViewController.h */ = {isa = PBXFileReference; fileEncoding = 4; lastKnownFileType = sourcecode.c.h; path = UITabBarViewController.h; sourceTree = "<group>"; };
		C0CA808E1C3BFD4A00ABE564 /* UITabBarViewController.m */ = {isa = PBXFileReference; fileEncoding = 4; lastKnownFileType = sourcecode.c.objc; path = UITabBarViewController.m; sourceTree = "<group>"; };
		C0CA809C1C3BFDA500ABE564 /* GLLoginView.h */ = {isa = PBXFileReference; fileEncoding = 4; lastKnownFileType = sourcecode.c.h; path = GLLoginView.h; sourceTree = "<group>"; };
		C0CA809D1C3BFDA500ABE564 /* GLLoginView.m */ = {isa = PBXFileReference; fileEncoding = 4; lastKnownFileType = sourcecode.c.objc; path = GLLoginView.m; sourceTree = "<group>"; };
		C0CA809F1C3BFDB000ABE564 /* GLLoginManager.h */ = {isa = PBXFileReference; fileEncoding = 4; lastKnownFileType = sourcecode.c.h; path = GLLoginManager.h; sourceTree = "<group>"; };
		C0CA80A01C3BFDB000ABE564 /* GLLoginManager.m */ = {isa = PBXFileReference; fileEncoding = 4; lastKnownFileType = sourcecode.c.objc; path = GLLoginManager.m; sourceTree = "<group>"; };
		C0CA80A21C3C00AC00ABE564 /* GLUserRegisterView.h */ = {isa = PBXFileReference; fileEncoding = 4; lastKnownFileType = sourcecode.c.h; path = GLUserRegisterView.h; sourceTree = "<group>"; };
		C0CA80A31C3C00AC00ABE564 /* GLUserRegisterView.m */ = {isa = PBXFileReference; fileEncoding = 4; lastKnownFileType = sourcecode.c.objc; path = GLUserRegisterView.m; sourceTree = "<group>"; };
		C0E9D73B1C38174A00138BAB /* XTOnePixelLine.h */ = {isa = PBXFileReference; fileEncoding = 4; lastKnownFileType = sourcecode.c.h; path = XTOnePixelLine.h; sourceTree = "<group>"; };
		C0E9D73C1C38174A00138BAB /* XTOnePixelLine.m */ = {isa = PBXFileReference; fileEncoding = 4; lastKnownFileType = sourcecode.c.objc; path = XTOnePixelLine.m; sourceTree = "<group>"; };
		C0E9D7451C38189C00138BAB /* XTURLRequest.h */ = {isa = PBXFileReference; fileEncoding = 4; lastKnownFileType = sourcecode.c.h; path = XTURLRequest.h; sourceTree = "<group>"; };
		C0E9D7461C38189C00138BAB /* XTURLRequest.m */ = {isa = PBXFileReference; fileEncoding = 4; lastKnownFileType = sourcecode.c.objc; path = XTURLRequest.m; sourceTree = "<group>"; };
		C0E9D74C1C3818EE00138BAB /* Toast+UIView.m */ = {isa = PBXFileReference; fileEncoding = 4; lastKnownFileType = sourcecode.c.objc; path = "Toast+UIView.m"; sourceTree = "<group>"; };
		C0E9D7601C381C3900138BAB /* UIView+Positioning.h */ = {isa = PBXFileReference; fileEncoding = 4; lastKnownFileType = sourcecode.c.h; path = "UIView+Positioning.h"; sourceTree = "<group>"; };
		C0E9D7611C381C3900138BAB /* UIView+Positioning.m */ = {isa = PBXFileReference; fileEncoding = 4; lastKnownFileType = sourcecode.c.objc; path = "UIView+Positioning.m"; sourceTree = "<group>"; };
		C0E9D7621C381C3900138BAB /* UIViewController+Analysis.h */ = {isa = PBXFileReference; fileEncoding = 4; lastKnownFileType = sourcecode.c.h; path = "UIViewController+Analysis.h"; sourceTree = "<group>"; };
		C0E9D7631C381C3900138BAB /* UIViewController+Analysis.m */ = {isa = PBXFileReference; fileEncoding = 4; lastKnownFileType = sourcecode.c.objc; path = "UIViewController+Analysis.m"; sourceTree = "<group>"; };
		C0E9D7661C381C9300138BAB /* Toast+UIView.h */ = {isa = PBXFileReference; fileEncoding = 4; lastKnownFileType = sourcecode.c.h; path = "Toast+UIView.h"; sourceTree = "<group>"; };
		C0E9D7671C381C9B00138BAB /* Toast+UIView.m */ = {isa = PBXFileReference; fileEncoding = 4; lastKnownFileType = sourcecode.c.objc; path = "Toast+UIView.m"; sourceTree = "<group>"; };
		C0E9D7691C381D1800138BAB /* NSArray+GLStuff.h */ = {isa = PBXFileReference; fileEncoding = 4; lastKnownFileType = sourcecode.c.h; path = "NSArray+GLStuff.h"; sourceTree = "<group>"; };
		C0E9D76A1C381D2100138BAB /* NSArray+GLStuff.m */ = {isa = PBXFileReference; fileEncoding = 4; lastKnownFileType = sourcecode.c.objc; path = "NSArray+GLStuff.m"; sourceTree = "<group>"; };
		C0E9D76D1C381E6800138BAB /* GLNetwork.h */ = {isa = PBXFileReference; fileEncoding = 4; lastKnownFileType = sourcecode.c.h; path = GLNetwork.h; sourceTree = "<group>"; };
		C0E9D76E1C381E6800138BAB /* GLNetwork.m */ = {isa = PBXFileReference; fileEncoding = 4; lastKnownFileType = sourcecode.c.objc; path = GLNetwork.m; sourceTree = "<group>"; };
		C0E9D76F1C381E6800138BAB /* GLRequest.h */ = {isa = PBXFileReference; fileEncoding = 4; lastKnownFileType = sourcecode.c.h; path = GLRequest.h; sourceTree = "<group>"; };
		C0E9D7701C381E6800138BAB /* GLRequest.m */ = {isa = PBXFileReference; fileEncoding = 4; lastKnownFileType = sourcecode.c.objc; path = GLRequest.m; sourceTree = "<group>"; };
		C0E9D7711C381E6800138BAB /* GURLRequest.h */ = {isa = PBXFileReference; fileEncoding = 4; lastKnownFileType = sourcecode.c.h; path = GURLRequest.h; sourceTree = "<group>"; };
		C0E9D7721C381E6800138BAB /* GURLRequest.m */ = {isa = PBXFileReference; fileEncoding = 4; lastKnownFileType = sourcecode.c.objc; path = GURLRequest.m; sourceTree = "<group>"; };
		C0E9D7761C381F1700138BAB /* UIButton+Position.h */ = {isa = PBXFileReference; fileEncoding = 4; lastKnownFileType = sourcecode.c.h; path = "UIButton+Position.h"; sourceTree = "<group>"; };
		C0E9D7771C381F1700138BAB /* UIButton+Position.m */ = {isa = PBXFileReference; fileEncoding = 4; lastKnownFileType = sourcecode.c.objc; path = "UIButton+Position.m"; sourceTree = "<group>"; };
		C0E9D7781C381F1700138BAB /* UIColor+TKCategory.h */ = {isa = PBXFileReference; fileEncoding = 4; lastKnownFileType = sourcecode.c.h; path = "UIColor+TKCategory.h"; sourceTree = "<group>"; };
		C0E9D7791C381F1700138BAB /* UIColor+TKCategory.m */ = {isa = PBXFileReference; fileEncoding = 4; lastKnownFileType = sourcecode.c.objc; path = "UIColor+TKCategory.m"; sourceTree = "<group>"; };
		C0E9D77E1C38205E00138BAB /* OButton.h */ = {isa = PBXFileReference; fileEncoding = 4; lastKnownFileType = sourcecode.c.h; path = OButton.h; sourceTree = "<group>"; };
		C0E9D77F1C38205E00138BAB /* OButton.m */ = {isa = PBXFileReference; fileEncoding = 4; lastKnownFileType = sourcecode.c.objc; path = OButton.m; sourceTree = "<group>"; };
		C0E9D7801C38205E00138BAB /* TNBase64.h */ = {isa = PBXFileReference; fileEncoding = 4; lastKnownFileType = sourcecode.c.h; path = TNBase64.h; sourceTree = "<group>"; };
		C0E9D7811C38205E00138BAB /* TNBase64.m */ = {isa = PBXFileReference; fileEncoding = 4; lastKnownFileType = sourcecode.c.objc; path = TNBase64.m; sourceTree = "<group>"; };
		C0E9D7821C38205E00138BAB /* TNJSONModel.h */ = {isa = PBXFileReference; fileEncoding = 4; lastKnownFileType = sourcecode.c.h; path = TNJSONModel.h; sourceTree = "<group>"; };
		C0E9D7831C38205E00138BAB /* TNJSONModel.m */ = {isa = PBXFileReference; fileEncoding = 4; lastKnownFileType = sourcecode.c.objc; path = TNJSONModel.m; sourceTree = "<group>"; };
		C0E9D7841C38205E00138BAB /* TNJSONStuff.h */ = {isa = PBXFileReference; fileEncoding = 4; lastKnownFileType = sourcecode.c.h; path = TNJSONStuff.h; sourceTree = "<group>"; };
		C0E9D7851C38205E00138BAB /* TNJSONStuff.m */ = {isa = PBXFileReference; fileEncoding = 4; lastKnownFileType = sourcecode.c.objc; path = TNJSONStuff.m; sourceTree = "<group>"; };
		C0E9D7861C38205E00138BAB /* TNNavigationMap.h */ = {isa = PBXFileReference; fileEncoding = 4; lastKnownFileType = sourcecode.c.h; path = TNNavigationMap.h; sourceTree = "<group>"; };
		C0E9D7871C38205E00138BAB /* TNNavigationMap.m */ = {isa = PBXFileReference; fileEncoding = 4; lastKnownFileType = sourcecode.c.objc; path = TNNavigationMap.m; sourceTree = "<group>"; };
		C0E9D7881C38205E00138BAB /* TNNavigationProtocol.h */ = {isa = PBXFileReference; fileEncoding = 4; lastKnownFileType = sourcecode.c.h; path = TNNavigationProtocol.h; sourceTree = "<group>"; };
		C0E9D7891C38205E00138BAB /* TNNavigationURLHelper.h */ = {isa = PBXFileReference; fileEncoding = 4; lastKnownFileType = sourcecode.c.h; path = TNNavigationURLHelper.h; sourceTree = "<group>"; };
		C0E9D78A1C38205E00138BAB /* TNNavigationURLHelper.m */ = {isa = PBXFileReference; fileEncoding = 4; lastKnownFileType = sourcecode.c.objc; path = TNNavigationURLHelper.m; sourceTree = "<group>"; };
		C0E9D78B1C38205E00138BAB /* TNNavigator.h */ = {isa = PBXFileReference; fileEncoding = 4; lastKnownFileType = sourcecode.c.h; path = TNNavigator.h; sourceTree = "<group>"; };
		C0E9D78C1C38205E00138BAB /* TNNavigator.m */ = {isa = PBXFileReference; fileEncoding = 4; lastKnownFileType = sourcecode.c.objc; path = TNNavigator.m; sourceTree = "<group>"; };
		CA8AB85E7A636C441E328926 /* Pods.release.xcconfig */ = {isa = PBXFileReference; includeInIndex = 1; lastKnownFileType = text.xcconfig; name = Pods.release.xcconfig; path = "Pods/Target Support Files/Pods/Pods.release.xcconfig"; sourceTree = "<group>"; };
		FA24930CC2192A402FFE4E43 /* libPods.a */ = {isa = PBXFileReference; explicitFileType = archive.ar; includeInIndex = 0; path = libPods.a; sourceTree = BUILT_PRODUCTS_DIR; };
/* End PBXFileReference section */

/* Begin PBXFrameworksBuildPhase section */
		65ECE8681B588AA9003134B2 /* Frameworks */ = {
			isa = PBXFrameworksBuildPhase;
			buildActionMask = 2147483647;
			files = (
				65E3E8581B9D24E2002AD494 /* CFNetwork.framework in Frameworks */,
				D9B4260E6DC676C7B599BB11 /* libPods.a in Frameworks */,
			);
			runOnlyForDeploymentPostprocessing = 0;
		};
		65ECE8811B588AA9003134B2 /* Frameworks */ = {
			isa = PBXFrameworksBuildPhase;
			buildActionMask = 2147483647;
			files = (
			);
			runOnlyForDeploymentPostprocessing = 0;
		};
/* End PBXFrameworksBuildPhase section */

/* Begin PBXGroup section */
		0FA79A2481540D0FCE88CF2E /* Pods */ = {
			isa = PBXGroup;
			children = (
				A6792D75E9C3A86AC56556AC /* Pods.debug.xcconfig */,
				CA8AB85E7A636C441E328926 /* Pods.release.xcconfig */,
			);
			name = Pods;
			sourceTree = "<group>";
		};
		6506F6011C61896200A4D747 /* BaseModel */ = {
			isa = PBXGroup;
			children = (
				6506F6021C61897B00A4D747 /* GLCommonModel.h */,
				6506F6031C61897B00A4D747 /* GLCommonModel.m */,
			);
			path = BaseModel;
			sourceTree = "<group>";
		};
		6506F6051C618EA400A4D747 /* Resources */ = {
			isa = PBXGroup;
			children = (
				6506F6061C618EA400A4D747 /* Documents */,
			);
			path = Resources;
			sourceTree = "<group>";
		};
		6506F6061C618EA400A4D747 /* Documents */ = {
			isa = PBXGroup;
			children = (
				6506F6071C618F8100A4D747 /* AppVersion.plist */,
			);
			path = Documents;
			sourceTree = "<group>";
		};
		6506F6101C61A5F200A4D747 /* GLJSPatchManager */ = {
			isa = PBXGroup;
			children = (
				6506F6111C61A5F200A4D747 /* GLJSPatchManager.h */,
				6506F6121C61A5F200A4D747 /* GLJSPatchManager.m */,
			);
			path = GLJSPatchManager;
			sourceTree = "<group>";
		};
		65ECE8621B588AA9003134B2 = {
			isa = PBXGroup;
			children = (
				65ECE86D1B588AA9003134B2 /* Demos */,
				65ECE8871B588AA9003134B2 /* DemosTests */,
				65ECE86C1B588AA9003134B2 /* Products */,
				0FA79A2481540D0FCE88CF2E /* Pods */,
				D0E5D6E8C2B4078AC4914368 /* Frameworks */,
			);
			sourceTree = "<group>";
		};
		65ECE86C1B588AA9003134B2 /* Products */ = {
			isa = PBXGroup;
			children = (
				65ECE86B1B588AA9003134B2 /* Demos.app */,
				65ECE8841B588AA9003134B2 /* DemosTests.xctest */,
			);
			name = Products;
			sourceTree = "<group>";
		};
		65ECE86D1B588AA9003134B2 /* Demos */ = {
			isa = PBXGroup;
			children = (
				65ECE8721B588AA9003134B2 /* AppDelegate.h */,
				65ECE8731B588AA9003134B2 /* AppDelegate.m */,
				6506F6051C618EA400A4D747 /* Resources */,
				6506F6011C61896200A4D747 /* BaseModel */,
				C0CA80391C3BEA9A00ABE564 /* Home */,
				C0CA80251C3BE71C00ABE564 /* AppEngine */,
				C0E9D7391C38172700138BAB /* Vendors */,
				65F07B821C3E0AD800E13CB7 /* Extra */,
				65ECE87B1B588AA9003134B2 /* Images.xcassets */,
				65ECE86E1B588AA9003134B2 /* Supporting Files */,
			);
			path = Demos;
			sourceTree = "<group>";
		};
		65ECE86E1B588AA9003134B2 /* Supporting Files */ = {
			isa = PBXGroup;
			children = (
				65ECE86F1B588AA9003134B2 /* Info.plist */,
				65ECE8701B588AA9003134B2 /* main.m */,
				6523294C1B5CC05500D69074 /* PrefixHeader.pch */,
			);
			name = "Supporting Files";
			sourceTree = "<group>";
		};
		65ECE8871B588AA9003134B2 /* DemosTests */ = {
			isa = PBXGroup;
			children = (
				65ECE88A1B588AA9003134B2 /* DemosTests.m */,
				65ECE8881B588AA9003134B2 /* Supporting Files */,
			);
			path = DemosTests;
			sourceTree = "<group>";
		};
		65ECE8881B588AA9003134B2 /* Supporting Files */ = {
			isa = PBXGroup;
			children = (
				65ECE8891B588AA9003134B2 /* Info.plist */,
			);
			name = "Supporting Files";
			sourceTree = "<group>";
		};
		65F07B491C3DFF1E00E13CB7 /* StoryBoards */ = {
			isa = PBXGroup;
			children = (
				65F07B4A1C3DFF1E00E13CB7 /* GLNetWorkDemo.storyboard */,
				65F07B4B1C3DFF1E00E13CB7 /* LaunchScreen.xib */,
				65F07B4C1C3DFF1E00E13CB7 /* Main.storyboard */,
			);
			path = StoryBoards;
			sourceTree = "<group>";
		};
		65F07B501C3E002000E13CB7 /* NSObject+BlackMagic */ = {
			isa = PBXGroup;
			children = (
				65F07B511C3E002000E13CB7 /* NSObject+BlackMagic.h */,
				65F07B521C3E002000E13CB7 /* NSObject+BlackMagic.m */,
			);
			path = "NSObject+BlackMagic";
			sourceTree = "<group>";
		};
		65F07B541C3E002D00E13CB7 /* UIImageView+Extension */ = {
			isa = PBXGroup;
			children = (
				65F07C1E1C3E145000E13CB7 /* UIImageView+GLExtensions.h */,
				65F07C1F1C3E145000E13CB7 /* UIImageView+GLExtensions.m */,
			);
			path = "UIImageView+Extension";
			sourceTree = "<group>";
		};
		65F07B591C3E015B00E13CB7 /* CNPPopupController */ = {
			isa = PBXGroup;
			children = (
				65F07B5D1C3E019F00E13CB7 /* CNPPopupController.h */,
				65F07B5E1C3E019F00E13CB7 /* CNPPopupController.m */,
			);
			path = CNPPopupController;
			sourceTree = "<group>";
		};
		65F07B601C3E05D200E13CB7 /* Models */ = {
			isa = PBXGroup;
			children = (
				65F07B611C3E05D200E13CB7 /* OCDataSourceDemo.h */,
				65F07B621C3E05D200E13CB7 /* OCDataSourceDemo.m */,
				65F07B631C3E05D200E13CB7 /* PassValueBlockVC.h */,
				65F07B641C3E05D200E13CB7 /* PassValueBlockVC.m */,
				65F07B731C3E07E200E13CB7 /* PassMesg.h */,
				65F07B741C3E07E700E13CB7 /* PassMesg.m */,
			);
			path = Models;
			sourceTree = "<group>";
		};
		65F07B671C3E05D700E13CB7 /* Views */ = {
			isa = PBXGroup;
			children = (
				65F07B681C3E05D700E13CB7 /* MainCell.h */,
				65F07B691C3E05D700E13CB7 /* MainCell.m */,
				65F07B6A1C3E05D700E13CB7 /* MainCell.xib */,
			);
			path = Views;
			sourceTree = "<group>";
		};
		65F07B821C3E0AD800E13CB7 /* Extra */ = {
			isa = PBXGroup;
			children = (
				65F07B831C3E0B0300E13CB7 /* AnimationDemoVC.h */,
				65F07B841C3E0B0300E13CB7 /* AnimationDemoVC.m */,
				65F07B851C3E0B0300E13CB7 /* AttachCell.h */,
				65F07B861C3E0B0300E13CB7 /* AttachCell.m */,
				65F07B871C3E0B0300E13CB7 /* AttachCell.xib */,
				65F07B881C3E0B0300E13CB7 /* ButtonDemoVC.h */,
				65F07B891C3E0B0300E13CB7 /* ButtonDemoVC.m */,
				65F07B8A1C3E0B0300E13CB7 /* CustomCell.h */,
				65F07B8B1C3E0B0300E13CB7 /* CustomCell.m */,
				65F07B8C1C3E0B0300E13CB7 /* CustomCell.xib */,
				65F07B8D1C3E0B0300E13CB7 /* GLBarViewController.h */,
				65F07B8E1C3E0B0300E13CB7 /* GLBarViewController.m */,
				65F07B8F1C3E0B0300E13CB7 /* GLNetWorkDemo.h */,
				65F07B901C3E0B0300E13CB7 /* GLNetWorkDemo.m */,
				65F07B911C3E0B0300E13CB7 /* GLPresentViewController.h */,
				65F07B921C3E0B0300E13CB7 /* GLPresentViewController.m */,
				65F07B931C3E0B0300E13CB7 /* GLSearchMoreTypeView.h */,
				65F07B941C3E0B0300E13CB7 /* GLSearchMoreTypeView.m */,
				65F07B951C3E0B0300E13CB7 /* GLTrainScrollBarView.h */,
				65F07B961C3E0B0300E13CB7 /* GLTrainScrollBarView.m */,
				65F07BD91C3E0B0300E13CB7 /* LayoutSubviews.h */,
				65F07BDA1C3E0B0300E13CB7 /* LayoutSubviews.m */,
				65F07BDB1C3E0B0300E13CB7 /* NetWorkCell.h */,
				65F07BDC1C3E0B0300E13CB7 /* NetWorkCell.m */,
				65F07BDD1C3E0B0300E13CB7 /* PickerViewDemoVC.h */,
				65F07BDE1C3E0B0300E13CB7 /* PickerViewDemoVC.m */,
				65F07BDF1C3E0B0300E13CB7 /* SubButtonDemoVC.h */,
				65F07BE01C3E0B0300E13CB7 /* SubButtonDemoVC.m */,
				65F07BE11C3E0B0300E13CB7 /* TestDemoVC.h */,
				65F07BE21C3E0B0300E13CB7 /* TestDemoVC.m */,
				65F07BE31C3E0B0300E13CB7 /* TestNet101ViewController.h */,
				65F07BE41C3E0B0300E13CB7 /* TestNet101ViewController.m */,
				65F07BE71C3E0B0300E13CB7 /* TNTableViewCell.h */,
				65F07BE81C3E0B0300E13CB7 /* TNTableViewCell.m */,
				65F07BE91C3E0B0300E13CB7 /* WebViewDemo.h */,
				65F07BEA1C3E0B0300E13CB7 /* WebViewDemo.m */,
			);
			path = Extra;
			sourceTree = "<group>";
		};
		C059BE5F1C46A31E00225A21 /* Lists */ = {
			isa = PBXGroup;
			children = (
				C059BE721C46A77B00225A21 /* View */,
				C059BE671C46A6EB00225A21 /* Model */,
				C059BE631C46A6DA00225A21 /* Controller */,
			);
			path = Lists;
			sourceTree = "<group>";
		};
		C059BE631C46A6DA00225A21 /* Controller */ = {
			isa = PBXGroup;
			children = (
				C059BE641C46A6DA00225A21 /* TextViewController.h */,
				C059BE651C46A6DA00225A21 /* TextViewController.m */,
			);
			path = Controller;
			sourceTree = "<group>";
		};
		C059BE671C46A6EB00225A21 /* Model */ = {
			isa = PBXGroup;
			children = (
				C059BE6B1C46A72E00225A21 /* TextViewDataSource.h */,
				C059BE6C1C46A72E00225A21 /* TextViewDataSource.m */,
			);
			path = Model;
			sourceTree = "<group>";
		};
		C059BE721C46A77B00225A21 /* View */ = {
			isa = PBXGroup;
			children = (
				C059BE731C46A77B00225A21 /* TextViewCollectionViewCell.h */,
				C059BE741C46A77B00225A21 /* TextViewCollectionViewCell.m */,
			);
			path = View;
			sourceTree = "<group>";
		};
		C0CA80211C3BE6DA00ABE564 /* GLScrollView */ = {
			isa = PBXGroup;
			children = (
				C0CA80221C3BE6DA00ABE564 /* TNCycleScrollView.h */,
				C0CA80231C3BE6DA00ABE564 /* TNCycleScrollView.m */,
			);
			path = GLScrollView;
			sourceTree = "<group>";
		};
		C0CA80251C3BE71C00ABE564 /* AppEngine */ = {
			isa = PBXGroup;
			children = (
				C0CA80261C3BE78500ABE564 /* config.h */,
				C0CA80271C3BE78500ABE564 /* DeliveryMacros.h */,
				C0CA80281C3BE78500ABE564 /* EnumsMacros.h */,
				65F07B551C3E00CB00E13CB7 /* SingletonDefine.h */,
			);
			path = AppEngine;
			sourceTree = "<group>";
		};
		C0CA80321C3BE8EF00ABE564 /* GLTopBarView */ = {
			isa = PBXGroup;
			children = (
				C0CA80361C3BE95800ABE564 /* GLTopBarView.h */,
				C0CA80371C3BE95800ABE564 /* GLTopBarView.m */,
				C0CA80331C3BE8EF00ABE564 /* TNTopBarView.h */,
				C0CA80341C3BE8EF00ABE564 /* TNTopBarView.m */,
			);
			path = GLTopBarView;
			sourceTree = "<group>";
		};
		C0CA80391C3BEA9A00ABE564 /* Home */ = {
			isa = PBXGroup;
			children = (
				C059BE5F1C46A31E00225A21 /* Lists */,
				65F07B491C3DFF1E00E13CB7 /* StoryBoards */,
				C0CA80831C3BFD4A00ABE564 /* TabBars */,
				C0CA80651C3BF98900ABE564 /* Users */,
				C0CA80521C3BF35F00ABE564 /* HeaderAdVertise */,
			);
			path = Home;
			sourceTree = "<group>";
		};
		C0CA80521C3BF35F00ABE564 /* HeaderAdVertise */ = {
			isa = PBXGroup;
			children = (
				C0CA80531C3BF35F00ABE564 /* Controllers */,
				C0CA80581C3BF35F00ABE564 /* Model */,
				C0CA80591C3BF35F00ABE564 /* Views */,
			);
			path = HeaderAdVertise;
			sourceTree = "<group>";
		};
		C0CA80531C3BF35F00ABE564 /* Controllers */ = {
			isa = PBXGroup;
			children = (
				C0CA80541C3BF35F00ABE564 /* AddTBCellViewController.h */,
				C0CA80551C3BF35F00ABE564 /* AddTBCellViewController.m */,
				C0CA80561C3BF35F00ABE564 /* AdScrollTimerViewController.h */,
				C0CA80571C3BF35F00ABE564 /* AdScrollTimerViewController.m */,
			);
			path = Controllers;
			sourceTree = "<group>";
		};
		C0CA80581C3BF35F00ABE564 /* Model */ = {
			isa = PBXGroup;
			children = (
			);
			path = Model;
			sourceTree = "<group>";
		};
		C0CA80591C3BF35F00ABE564 /* Views */ = {
			isa = PBXGroup;
			children = (
				C0CA805A1C3BF35F00ABE564 /* AdvertiseView.h */,
				C0CA805B1C3BF35F00ABE564 /* AdvertiseView.m */,
				C0CA805C1C3BF35F00ABE564 /* GLHeaderView.h */,
				C0CA805D1C3BF35F00ABE564 /* GLHeaderView.m */,
			);
			path = Views;
			sourceTree = "<group>";
		};
		C0CA80651C3BF98900ABE564 /* Users */ = {
			isa = PBXGroup;
			children = (
				C0CA80661C3BF98900ABE564 /* Controllers */,
				C0CA806B1C3BF98900ABE564 /* Models */,
				C0CA806E1C3BF98900ABE564 /* Views */,
			);
			path = Users;
			sourceTree = "<group>";
		};
		C0CA80661C3BF98900ABE564 /* Controllers */ = {
			isa = PBXGroup;
			children = (
				C0CA80821C3BFC1500ABE564 /* LoginDemoVC.h */,
				C0CA80801C3BFBF300ABE564 /* LoginDemoVC.m */,
				C0CA807D1C3BFBA800ABE564 /* GLUserLoginViewController.h */,
				C0CA807E1C3BFBA800ABE564 /* GLUserLoginViewController.m */,
			);
			path = Controllers;
			sourceTree = "<group>";
		};
		C0CA806B1C3BF98900ABE564 /* Models */ = {
			isa = PBXGroup;
			children = (
				C0CA80721C3BF9A300ABE564 /* PersonModel.h */,
				C0CA80731C3BF9A300ABE564 /* PersonModel.m */,
				C0CA809F1C3BFDB000ABE564 /* GLLoginManager.h */,
				C0CA80A01C3BFDB000ABE564 /* GLLoginManager.m */,
			);
			path = Models;
			sourceTree = "<group>";
		};
		C0CA806E1C3BF98900ABE564 /* Views */ = {
			isa = PBXGroup;
			children = (
				C0CA809C1C3BFDA500ABE564 /* GLLoginView.h */,
				C0CA809D1C3BFDA500ABE564 /* GLLoginView.m */,
				C0CA80A21C3C00AC00ABE564 /* GLUserRegisterView.h */,
				C0CA80A31C3C00AC00ABE564 /* GLUserRegisterView.m */,
			);
			path = Views;
			sourceTree = "<group>";
		};
		C0CA80831C3BFD4A00ABE564 /* TabBars */ = {
			isa = PBXGroup;
			children = (
				65F07B671C3E05D700E13CB7 /* Views */,
				65F07B601C3E05D200E13CB7 /* Models */,
				C0CA80841C3BFD4A00ABE564 /* Controllers */,
			);
			path = TabBars;
			sourceTree = "<group>";
		};
		C0CA80841C3BFD4A00ABE564 /* Controllers */ = {
			isa = PBXGroup;
			children = (
				65F07B7D1C3E083800E13CB7 /* TarBarDemoVC.m */,
				65F07B7C1C3E082F00E13CB7 /* TarBarDemoVC.h */,
				65F07B791C3E081E00E13CB7 /* TNHomeSpecialSaleCell.h */,
				65F07B7A1C3E081E00E13CB7 /* TNHomeSpecialSaleCell.m */,
				65F07B701C3E063900E13CB7 /* ScrollDemoVC.h */,
				65F07B711C3E063E00E13CB7 /* ScrollDemoVC.m */,
				65F07B6D1C3E062600E13CB7 /* RootViewController.h */,
				65F07B6E1C3E062C00E13CB7 /* RootViewController.m */,
				C0CA80851C3BFD4A00ABE564 /* FifthViewController.h */,
				C0CA80861C3BFD4A00ABE564 /* FifthViewController.m */,
				C0CA80871C3BFD4A00ABE564 /* ForthViewController.h */,
				C0CA80881C3BFD4A00ABE564 /* ForthViewController.m */,
				C0CA80891C3BFD4A00ABE564 /* SecondViewController.h */,
				C0CA808A1C3BFD4A00ABE564 /* SecondViewController.m */,
				C0CA808B1C3BFD4A00ABE564 /* ThirdViewController.h */,
				C0CA808C1C3BFD4A00ABE564 /* ThirdViewController.m */,
				C0CA808D1C3BFD4A00ABE564 /* UITabBarViewController.h */,
				C0CA808E1C3BFD4A00ABE564 /* UITabBarViewController.m */,
			);
			path = Controllers;
			sourceTree = "<group>";
		};
		C0E9D7391C38172700138BAB /* Vendors */ = {
			isa = PBXGroup;
			children = (
				6506F6101C61A5F200A4D747 /* GLJSPatchManager */,
				65F07B591C3E015B00E13CB7 /* CNPPopupController */,
				65F07B541C3E002D00E13CB7 /* UIImageView+Extension */,
				65F07B501C3E002000E13CB7 /* NSObject+BlackMagic */,
				C0CA80321C3BE8EF00ABE564 /* GLTopBarView */,
				C0CA80211C3BE6DA00ABE564 /* GLScrollView */,
				C0E9D77C1C38205E00138BAB /* lib */,
				C0E9D76C1C381D8300138BAB /* GLURLRequest */,
				C0E9D75F1C381C3900138BAB /* Catogeries */,
				C0E9D7411C38186D00138BAB /* XTURLRequest */,
				C0E9D73A1C38172700138BAB /* XOnePixelLine */,
			);
			path = Vendors;
			sourceTree = "<group>";
		};
		C0E9D73A1C38172700138BAB /* XOnePixelLine */ = {
			isa = PBXGroup;
			children = (
				C0E9D73B1C38174A00138BAB /* XTOnePixelLine.h */,
				C0E9D73C1C38174A00138BAB /* XTOnePixelLine.m */,
			);
			path = XOnePixelLine;
			sourceTree = "<group>";
		};
		C0E9D7411C38186D00138BAB /* XTURLRequest */ = {
			isa = PBXGroup;
			children = (
				C0E9D7451C38189C00138BAB /* XTURLRequest.h */,
				C0E9D7461C38189C00138BAB /* XTURLRequest.m */,
				C0E9D74C1C3818EE00138BAB /* Toast+UIView.m */,
			);
			path = XTURLRequest;
			sourceTree = "<group>";
		};
		C0E9D75F1C381C3900138BAB /* Catogeries */ = {
			isa = PBXGroup;
			children = (
				C0CA802F1C3BE8AD00ABE564 /* NSTimer+Addition.h */,
				C0CA80301C3BE8AD00ABE564 /* NSTimer+Addition.m */,
				C0CA80291C3BE88C00ABE564 /* NSString+TNExtends.h */,
				C0CA802A1C3BE88C00ABE564 /* NSString+TNExtends.m */,
				C0CA802B1C3BE88C00ABE564 /* NSString+URLEncoding.h */,
				C0CA802C1C3BE88C00ABE564 /* NSString+URLEncoding.m */,
				C0E9D7761C381F1700138BAB /* UIButton+Position.h */,
				C0E9D7771C381F1700138BAB /* UIButton+Position.m */,
				C0E9D7781C381F1700138BAB /* UIColor+TKCategory.h */,
				C0E9D7791C381F1700138BAB /* UIColor+TKCategory.m */,
				C0E9D7691C381D1800138BAB /* NSArray+GLStuff.h */,
				C0E9D76A1C381D2100138BAB /* NSArray+GLStuff.m */,
				C0E9D7601C381C3900138BAB /* UIView+Positioning.h */,
				C0E9D7611C381C3900138BAB /* UIView+Positioning.m */,
				C0E9D7661C381C9300138BAB /* Toast+UIView.h */,
				C0E9D7671C381C9B00138BAB /* Toast+UIView.m */,
				C0E9D7621C381C3900138BAB /* UIViewController+Analysis.h */,
				C0E9D7631C381C3900138BAB /* UIViewController+Analysis.m */,
				65F07B561C3E00FF00E13CB7 /* UIViewController+ScrollingNavbar.h */,
				65F07B571C3E010400E13CB7 /* UIViewController+ScrollingNavbar.m */,
			);
			path = Catogeries;
			sourceTree = "<group>";
		};
		C0E9D76C1C381D8300138BAB /* GLURLRequest */ = {
			isa = PBXGroup;
			children = (
				C0E9D76D1C381E6800138BAB /* GLNetwork.h */,
				C0E9D76E1C381E6800138BAB /* GLNetwork.m */,
				C0E9D76F1C381E6800138BAB /* GLRequest.h */,
				C0E9D7701C381E6800138BAB /* GLRequest.m */,
				C0E9D7711C381E6800138BAB /* GURLRequest.h */,
				C0E9D7721C381E6800138BAB /* GURLRequest.m */,
			);
			path = GLURLRequest;
			sourceTree = "<group>";
		};
		C0E9D77C1C38205E00138BAB /* lib */ = {
			isa = PBXGroup;
			children = (
				C0CA80621C3BF95000ABE564 /* base64.h */,
				C0CA80631C3BF95000ABE564 /* base64.m */,
				C0E9D77E1C38205E00138BAB /* OButton.h */,
				C0E9D77F1C38205E00138BAB /* OButton.m */,
				C0E9D7801C38205E00138BAB /* TNBase64.h */,
				C0E9D7811C38205E00138BAB /* TNBase64.m */,
				C0E9D7821C38205E00138BAB /* TNJSONModel.h */,
				C0E9D7831C38205E00138BAB /* TNJSONModel.m */,
				C0E9D7841C38205E00138BAB /* TNJSONStuff.h */,
				C0E9D7851C38205E00138BAB /* TNJSONStuff.m */,
				C0E9D7861C38205E00138BAB /* TNNavigationMap.h */,
				C0E9D7871C38205E00138BAB /* TNNavigationMap.m */,
				C0E9D7881C38205E00138BAB /* TNNavigationProtocol.h */,
				C0E9D7891C38205E00138BAB /* TNNavigationURLHelper.h */,
				C0E9D78A1C38205E00138BAB /* TNNavigationURLHelper.m */,
				C0E9D78B1C38205E00138BAB /* TNNavigator.h */,
				C0E9D78C1C38205E00138BAB /* TNNavigator.m */,
			);
			path = lib;
			sourceTree = "<group>";
		};
		D0E5D6E8C2B4078AC4914368 /* Frameworks */ = {
			isa = PBXGroup;
			children = (
				65E3E8571B9D24E2002AD494 /* CFNetwork.framework */,
				FA24930CC2192A402FFE4E43 /* libPods.a */,
			);
			name = Frameworks;
			sourceTree = "<group>";
		};
/* End PBXGroup section */

/* Begin PBXNativeTarget section */
		65ECE86A1B588AA9003134B2 /* Demos */ = {
			isa = PBXNativeTarget;
			buildConfigurationList = 65ECE88E1B588AA9003134B2 /* Build configuration list for PBXNativeTarget "Demos" */;
			buildPhases = (
				FE11EFC719E88BA702C76773 /* Check Pods Manifest.lock */,
				65ECE8671B588AA9003134B2 /* Sources */,
				65ECE8681B588AA9003134B2 /* Frameworks */,
				65ECE8691B588AA9003134B2 /* Resources */,
				5D0388801D50D67FB2EDC849 /* Copy Pods Resources */,
			);
			buildRules = (
			);
			dependencies = (
			);
			name = Demos;
			productName = Demos;
			productReference = 65ECE86B1B588AA9003134B2 /* Demos.app */;
			productType = "com.apple.product-type.application";
		};
		65ECE8831B588AA9003134B2 /* DemosTests */ = {
			isa = PBXNativeTarget;
			buildConfigurationList = 65ECE8911B588AA9003134B2 /* Build configuration list for PBXNativeTarget "DemosTests" */;
			buildPhases = (
				65ECE8801B588AA9003134B2 /* Sources */,
				65ECE8811B588AA9003134B2 /* Frameworks */,
				65ECE8821B588AA9003134B2 /* Resources */,
			);
			buildRules = (
			);
			dependencies = (
				65ECE8861B588AA9003134B2 /* PBXTargetDependency */,
			);
			name = DemosTests;
			productName = DemosTests;
			productReference = 65ECE8841B588AA9003134B2 /* DemosTests.xctest */;
			productType = "com.apple.product-type.bundle.unit-test";
		};
/* End PBXNativeTarget section */

/* Begin PBXProject section */
		65ECE8631B588AA9003134B2 /* Project object */ = {
			isa = PBXProject;
			attributes = {
				LastUpgradeCheck = 0640;
				ORGANIZATIONNAME = schiller;
				TargetAttributes = {
					65ECE86A1B588AA9003134B2 = {
						CreatedOnToolsVersion = 6.4;
					};
					65ECE8831B588AA9003134B2 = {
						CreatedOnToolsVersion = 6.4;
						TestTargetID = 65ECE86A1B588AA9003134B2;
					};
				};
			};
			buildConfigurationList = 65ECE8661B588AA9003134B2 /* Build configuration list for PBXProject "Demos" */;
			compatibilityVersion = "Xcode 3.2";
			developmentRegion = English;
			hasScannedForEncodings = 0;
			knownRegions = (
				en,
				Base,
			);
			mainGroup = 65ECE8621B588AA9003134B2;
			productRefGroup = 65ECE86C1B588AA9003134B2 /* Products */;
			projectDirPath = "";
			projectRoot = "";
			targets = (
				65ECE86A1B588AA9003134B2 /* Demos */,
				65ECE8831B588AA9003134B2 /* DemosTests */,
			);
		};
/* End PBXProject section */

/* Begin PBXResourcesBuildPhase section */
		65ECE8691B588AA9003134B2 /* Resources */ = {
			isa = PBXResourcesBuildPhase;
			buildActionMask = 2147483647;
			files = (
				65F07B6C1C3E05D700E13CB7 /* MainCell.xib in Resources */,
				6506F6081C618F8100A4D747 /* AppVersion.plist in Resources */,
				65F07B4D1C3DFF1E00E13CB7 /* GLNetWorkDemo.storyboard in Resources */,
				65F07BED1C3E0B0300E13CB7 /* AttachCell.xib in Resources */,
				65F07B4E1C3DFF1E00E13CB7 /* LaunchScreen.xib in Resources */,
				65F07BF01C3E0B0300E13CB7 /* CustomCell.xib in Resources */,
				65F07B4F1C3DFF1E00E13CB7 /* Main.storyboard in Resources */,
				65ECE87C1B588AA9003134B2 /* Images.xcassets in Resources */,
			);
			runOnlyForDeploymentPostprocessing = 0;
		};
		65ECE8821B588AA9003134B2 /* Resources */ = {
			isa = PBXResourcesBuildPhase;
			buildActionMask = 2147483647;
			files = (
			);
			runOnlyForDeploymentPostprocessing = 0;
		};
/* End PBXResourcesBuildPhase section */

/* Begin PBXShellScriptBuildPhase section */
		5D0388801D50D67FB2EDC849 /* Copy Pods Resources */ = {
			isa = PBXShellScriptBuildPhase;
			buildActionMask = 2147483647;
			files = (
			);
			inputPaths = (
			);
			name = "Copy Pods Resources";
			outputPaths = (
			);
			runOnlyForDeploymentPostprocessing = 0;
			shellPath = /bin/sh;
			shellScript = "\"${SRCROOT}/Pods/Target Support Files/Pods/Pods-resources.sh\"\n";
			showEnvVarsInLog = 0;
		};
		FE11EFC719E88BA702C76773 /* Check Pods Manifest.lock */ = {
			isa = PBXShellScriptBuildPhase;
			buildActionMask = 2147483647;
			files = (
			);
			inputPaths = (
			);
			name = "Check Pods Manifest.lock";
			outputPaths = (
			);
			runOnlyForDeploymentPostprocessing = 0;
			shellPath = /bin/sh;
			shellScript = "diff \"${PODS_ROOT}/../Podfile.lock\" \"${PODS_ROOT}/Manifest.lock\" > /dev/null\nif [[ $? != 0 ]] ; then\n    cat << EOM\nerror: The sandbox is not in sync with the Podfile.lock. Run 'pod install' or update your CocoaPods installation.\nEOM\n    exit 1\nfi\n";
			showEnvVarsInLog = 0;
		};
/* End PBXShellScriptBuildPhase section */

/* Begin PBXSourcesBuildPhase section */
		65ECE8671B588AA9003134B2 /* Sources */ = {
			isa = PBXSourcesBuildPhase;
			buildActionMask = 2147483647;
			files = (
				C0CA809E1C3BFDA500ABE564 /* GLLoginView.m in Sources */,
				C0CA80741C3BF9A300ABE564 /* PersonModel.m in Sources */,
				65F07BF21C3E0B0300E13CB7 /* GLNetWorkDemo.m in Sources */,
				C0E9D7901C38205E00138BAB /* TNJSONStuff.m in Sources */,
				C0E9D7751C381E6800138BAB /* GURLRequest.m in Sources */,
				C0CA80611C3BF35F00ABE564 /* GLHeaderView.m in Sources */,
				C0CA80351C3BE8EF00ABE564 /* TNTopBarView.m in Sources */,
				65F07C171C3E0B0300E13CB7 /* TestNet101ViewController.m in Sources */,
				65F07B721C3E063E00E13CB7 /* ScrollDemoVC.m in Sources */,
				65F07C201C3E145000E13CB7 /* UIImageView+GLExtensions.m in Sources */,
				C0CA805E1C3BF35F00ABE564 /* AddTBCellViewController.m in Sources */,
				C0CA80951C3BFD4A00ABE564 /* FifthViewController.m in Sources */,
				C059BE6D1C46A72E00225A21 /* TextViewDataSource.m in Sources */,
				C0CA80A41C3C00AC00ABE564 /* GLUserRegisterView.m in Sources */,
				65F07B5F1C3E019F00E13CB7 /* CNPPopupController.m in Sources */,
				65F07BF31C3E0B0300E13CB7 /* GLPresentViewController.m in Sources */,
				C0CA80971C3BFD4A00ABE564 /* SecondViewController.m in Sources */,
				C059BE751C46A77B00225A21 /* TextViewCollectionViewCell.m in Sources */,
				C0E9D73F1C38174A00138BAB /* XTOnePixelLine.m in Sources */,
				65F07BEF1C3E0B0300E13CB7 /* CustomCell.m in Sources */,
				65F07BF51C3E0B0300E13CB7 /* GLTrainScrollBarView.m in Sources */,
				C0CA80811C3BFBF300ABE564 /* LoginDemoVC.m in Sources */,
				C0E9D76B1C381D2100138BAB /* NSArray+GLStuff.m in Sources */,
				65F07C1A1C3E0B0300E13CB7 /* WebViewDemo.m in Sources */,
				C0E9D7921C38205E00138BAB /* TNNavigationURLHelper.m in Sources */,
				C0E9D77A1C381F1700138BAB /* UIButton+Position.m in Sources */,
				C0CA80981C3BFD4A00ABE564 /* ThirdViewController.m in Sources */,
				C0CA80961C3BFD4A00ABE564 /* ForthViewController.m in Sources */,
				65F07B661C3E05D200E13CB7 /* PassValueBlockVC.m in Sources */,
				C0CA80311C3BE8AD00ABE564 /* NSTimer+Addition.m in Sources */,
				C0E9D7471C38189C00138BAB /* XTURLRequest.m in Sources */,
				C0CA80381C3BE95800ABE564 /* GLTopBarView.m in Sources */,
				C0E9D77B1C381F1700138BAB /* UIColor+TKCategory.m in Sources */,
				65F07BEB1C3E0B0300E13CB7 /* AnimationDemoVC.m in Sources */,
				65F07BEE1C3E0B0300E13CB7 /* ButtonDemoVC.m in Sources */,
				65F07B7E1C3E083800E13CB7 /* TarBarDemoVC.m in Sources */,
				65F07C131C3E0B0300E13CB7 /* NetWorkCell.m in Sources */,
				65F07BEC1C3E0B0300E13CB7 /* AttachCell.m in Sources */,
				C0CA80601C3BF35F00ABE564 /* AdvertiseView.m in Sources */,
				6506F6041C61897B00A4D747 /* GLCommonModel.m in Sources */,
				65F07C191C3E0B0300E13CB7 /* TNTableViewCell.m in Sources */,
				65F07C161C3E0B0300E13CB7 /* TestDemoVC.m in Sources */,
				C059BE661C46A6DA00225A21 /* TextViewController.m in Sources */,
				6506F6131C61A5F200A4D747 /* GLJSPatchManager.m in Sources */,
				C0CA805F1C3BF35F00ABE564 /* AdScrollTimerViewController.m in Sources */,
				C0E9D7641C381C3900138BAB /* UIView+Positioning.m in Sources */,
				65F07B7B1C3E081E00E13CB7 /* TNHomeSpecialSaleCell.m in Sources */,
				65F07B751C3E07E700E13CB7 /* PassMesg.m in Sources */,
				C0CA80991C3BFD4A00ABE564 /* UITabBarViewController.m in Sources */,
				C0CA80641C3BF95000ABE564 /* base64.m in Sources */,
				C0CA80241C3BE6DA00ABE564 /* TNCycleScrollView.m in Sources */,
				65F07B6F1C3E062C00E13CB7 /* RootViewController.m in Sources */,
				C0E9D7741C381E6800138BAB /* GLRequest.m in Sources */,
				C0E9D78F1C38205E00138BAB /* TNJSONModel.m in Sources */,
				65F07BF41C3E0B0300E13CB7 /* GLSearchMoreTypeView.m in Sources */,
				C0CA807F1C3BFBA800ABE564 /* GLUserLoginViewController.m in Sources */,
				C0E9D7931C38205E00138BAB /* TNNavigator.m in Sources */,
				C0CA802E1C3BE88C00ABE564 /* NSString+URLEncoding.m in Sources */,
				65F07B651C3E05D200E13CB7 /* OCDataSourceDemo.m in Sources */,
				65ECE8741B588AA9003134B2 /* AppDelegate.m in Sources */,
				65F07C151C3E0B0300E13CB7 /* SubButtonDemoVC.m in Sources */,
				C0E9D7911C38205E00138BAB /* TNNavigationMap.m in Sources */,
				65ECE8711B588AA9003134B2 /* main.m in Sources */,
				C0E9D7731C381E6800138BAB /* GLNetwork.m in Sources */,
				C0E9D78E1C38205E00138BAB /* TNBase64.m in Sources */,
				65F07B581C3E010400E13CB7 /* UIViewController+ScrollingNavbar.m in Sources */,
				65F07C121C3E0B0300E13CB7 /* LayoutSubviews.m in Sources */,
				C0CA802D1C3BE88C00ABE564 /* NSString+TNExtends.m in Sources */,
				C0E9D78D1C38205E00138BAB /* OButton.m in Sources */,
				C0CA80A11C3BFDB000ABE564 /* GLLoginManager.m in Sources */,
				C0E9D7651C381C3900138BAB /* UIViewController+Analysis.m in Sources */,
				C0E9D74F1C3818EE00138BAB /* Toast+UIView.m in Sources */,
				65F07B531C3E002000E13CB7 /* NSObject+BlackMagic.m in Sources */,
				65F07B6B1C3E05D700E13CB7 /* MainCell.m in Sources */,
				65F07C141C3E0B0300E13CB7 /* PickerViewDemoVC.m in Sources */,
				65F07BF11C3E0B0300E13CB7 /* GLBarViewController.m in Sources */,
				C0E9D7681C381C9B00138BAB /* Toast+UIView.m in Sources */,
			);
			runOnlyForDeploymentPostprocessing = 0;
		};
		65ECE8801B588AA9003134B2 /* Sources */ = {
			isa = PBXSourcesBuildPhase;
			buildActionMask = 2147483647;
			files = (
				65ECE88B1B588AA9003134B2 /* DemosTests.m in Sources */,
			);
			runOnlyForDeploymentPostprocessing = 0;
		};
/* End PBXSourcesBuildPhase section */

/* Begin PBXTargetDependency section */
		65ECE8861B588AA9003134B2 /* PBXTargetDependency */ = {
			isa = PBXTargetDependency;
			target = 65ECE86A1B588AA9003134B2 /* Demos */;
			targetProxy = 65ECE8851B588AA9003134B2 /* PBXContainerItemProxy */;
		};
/* End PBXTargetDependency section */

/* Begin XCBuildConfiguration section */
		65ECE88C1B588AA9003134B2 /* Debug */ = {
			isa = XCBuildConfiguration;
			buildSettings = {
				ALWAYS_SEARCH_USER_PATHS = YES;
				CLANG_CXX_LANGUAGE_STANDARD = "gnu++0x";
				CLANG_CXX_LIBRARY = "libc++";
				CLANG_ENABLE_MODULES = YES;
				CLANG_ENABLE_OBJC_ARC = YES;
				CLANG_WARN_BOOL_CONVERSION = YES;
				CLANG_WARN_CONSTANT_CONVERSION = YES;
				CLANG_WARN_DIRECT_OBJC_ISA_USAGE = YES_ERROR;
				CLANG_WARN_EMPTY_BODY = YES;
				CLANG_WARN_ENUM_CONVERSION = YES;
				CLANG_WARN_INT_CONVERSION = YES;
				CLANG_WARN_OBJC_ROOT_CLASS = YES_ERROR;
				CLANG_WARN_UNREACHABLE_CODE = YES;
				CLANG_WARN__DUPLICATE_METHOD_MATCH = YES;
				"CODE_SIGN_IDENTITY[sdk=iphoneos*]" = "iPhone Developer";
				COPY_PHASE_STRIP = NO;
				DEBUG_INFORMATION_FORMAT = "dwarf-with-dsym";
				ENABLE_STRICT_OBJC_MSGSEND = YES;
				GCC_C_LANGUAGE_STANDARD = gnu99;
				GCC_DYNAMIC_NO_PIC = NO;
				GCC_NO_COMMON_BLOCKS = YES;
				GCC_OPTIMIZATION_LEVEL = 0;
				GCC_PRECOMPILE_PREFIX_HEADER = YES;
				GCC_PREFIX_HEADER = "$(SRCROOT)/Demos/PrefixHeader.pch";
				GCC_PREPROCESSOR_DEFINITIONS = (
					"DEBUG=1",
					"$(inherited)",
				);
				GCC_SYMBOLS_PRIVATE_EXTERN = NO;
				GCC_WARN_64_TO_32_BIT_CONVERSION = YES;
				GCC_WARN_ABOUT_RETURN_TYPE = YES_ERROR;
				GCC_WARN_UNDECLARED_SELECTOR = YES;
				GCC_WARN_UNINITIALIZED_AUTOS = YES_AGGRESSIVE;
				GCC_WARN_UNUSED_FUNCTION = YES;
				GCC_WARN_UNUSED_VARIABLE = YES;
				HEADER_SEARCH_PATHS = (
					"$(inherited)",
					/Applications/Xcode.app/Contents/Developer/Toolchains/XcodeDefault.xctoolchain/usr/include,
				);
				IPHONEOS_DEPLOYMENT_TARGET = 8.4;
				MTL_ENABLE_DEBUG_INFO = YES;
				ONLY_ACTIVE_ARCH = YES;
				SDKROOT = iphoneos;
				TARGETED_DEVICE_FAMILY = "1,2";
			};
			name = Debug;
		};
		65ECE88D1B588AA9003134B2 /* Release */ = {
			isa = XCBuildConfiguration;
			buildSettings = {
				ALWAYS_SEARCH_USER_PATHS = YES;
				CLANG_CXX_LANGUAGE_STANDARD = "gnu++0x";
				CLANG_CXX_LIBRARY = "libc++";
				CLANG_ENABLE_MODULES = YES;
				CLANG_ENABLE_OBJC_ARC = YES;
				CLANG_WARN_BOOL_CONVERSION = YES;
				CLANG_WARN_CONSTANT_CONVERSION = YES;
				CLANG_WARN_DIRECT_OBJC_ISA_USAGE = YES_ERROR;
				CLANG_WARN_EMPTY_BODY = YES;
				CLANG_WARN_ENUM_CONVERSION = YES;
				CLANG_WARN_INT_CONVERSION = YES;
				CLANG_WARN_OBJC_ROOT_CLASS = YES_ERROR;
				CLANG_WARN_UNREACHABLE_CODE = YES;
				CLANG_WARN__DUPLICATE_METHOD_MATCH = YES;
				"CODE_SIGN_IDENTITY[sdk=iphoneos*]" = "iPhone Developer";
				COPY_PHASE_STRIP = NO;
				DEBUG_INFORMATION_FORMAT = "dwarf-with-dsym";
				ENABLE_NS_ASSERTIONS = NO;
				ENABLE_STRICT_OBJC_MSGSEND = YES;
				GCC_C_LANGUAGE_STANDARD = gnu99;
				GCC_NO_COMMON_BLOCKS = YES;
				GCC_PRECOMPILE_PREFIX_HEADER = YES;
				GCC_PREFIX_HEADER = "$(SRCROOT)/Demos/PrefixHeader.pch";
				GCC_WARN_64_TO_32_BIT_CONVERSION = YES;
				GCC_WARN_ABOUT_RETURN_TYPE = YES_ERROR;
				GCC_WARN_UNDECLARED_SELECTOR = YES;
				GCC_WARN_UNINITIALIZED_AUTOS = YES_AGGRESSIVE;
				GCC_WARN_UNUSED_FUNCTION = YES;
				GCC_WARN_UNUSED_VARIABLE = YES;
				HEADER_SEARCH_PATHS = (
					"$(inherited)",
					/Applications/Xcode.app/Contents/Developer/Toolchains/XcodeDefault.xctoolchain/usr/include,
				);
				IPHONEOS_DEPLOYMENT_TARGET = 8.4;
				MTL_ENABLE_DEBUG_INFO = NO;
				SDKROOT = iphoneos;
				TARGETED_DEVICE_FAMILY = "1,2";
				VALIDATE_PRODUCT = YES;
			};
			name = Release;
		};
		65ECE88F1B588AA9003134B2 /* Debug */ = {
			isa = XCBuildConfiguration;
			baseConfigurationReference = A6792D75E9C3A86AC56556AC /* Pods.debug.xcconfig */;
			buildSettings = {
				ASSETCATALOG_COMPILER_APPICON_NAME = AppIcon;
				INFOPLIST_FILE = Demos/Info.plist;
				IPHONEOS_DEPLOYMENT_TARGET = 8.0;
				LD_RUNPATH_SEARCH_PATHS = "$(inherited) @executable_path/Frameworks";
				PRODUCT_NAME = "$(TARGET_NAME)";
			};
			name = Debug;
		};
		65ECE8901B588AA9003134B2 /* Release */ = {
			isa = XCBuildConfiguration;
			baseConfigurationReference = CA8AB85E7A636C441E328926 /* Pods.release.xcconfig */;
			buildSettings = {
				ASSETCATALOG_COMPILER_APPICON_NAME = AppIcon;
				INFOPLIST_FILE = Demos/Info.plist;
				IPHONEOS_DEPLOYMENT_TARGET = 8.0;
				LD_RUNPATH_SEARCH_PATHS = "$(inherited) @executable_path/Frameworks";
				PRODUCT_NAME = "$(TARGET_NAME)";
			};
			name = Release;
		};
		65ECE8921B588AA9003134B2 /* Debug */ = {
			isa = XCBuildConfiguration;
			buildSettings = {
				BUNDLE_LOADER = "$(TEST_HOST)";
				FRAMEWORK_SEARCH_PATHS = (
					"$(SDKROOT)/Developer/Library/Frameworks",
					"$(inherited)",
				);
				GCC_PREPROCESSOR_DEFINITIONS = (
					"DEBUG=1",
					"$(inherited)",
				);
				INFOPLIST_FILE = DemosTests/Info.plist;
				LD_RUNPATH_SEARCH_PATHS = "$(inherited) @executable_path/Frameworks @loader_path/Frameworks";
				PRODUCT_NAME = "$(TARGET_NAME)";
				TEST_HOST = "$(BUILT_PRODUCTS_DIR)/Demos.app/Demos";
			};
			name = Debug;
		};
		65ECE8931B588AA9003134B2 /* Release */ = {
			isa = XCBuildConfiguration;
			buildSettings = {
				BUNDLE_LOADER = "$(TEST_HOST)";
				FRAMEWORK_SEARCH_PATHS = (
					"$(SDKROOT)/Developer/Library/Frameworks",
					"$(inherited)",
				);
				INFOPLIST_FILE = DemosTests/Info.plist;
				LD_RUNPATH_SEARCH_PATHS = "$(inherited) @executable_path/Frameworks @loader_path/Frameworks";
				PRODUCT_NAME = "$(TARGET_NAME)";
				TEST_HOST = "$(BUILT_PRODUCTS_DIR)/Demos.app/Demos";
			};
			name = Release;
		};
/* End XCBuildConfiguration section */

/* Begin XCConfigurationList section */
		65ECE8661B588AA9003134B2 /* Build configuration list for PBXProject "Demos" */ = {
			isa = XCConfigurationList;
			buildConfigurations = (
				65ECE88C1B588AA9003134B2 /* Debug */,
				65ECE88D1B588AA9003134B2 /* Release */,
			);
			defaultConfigurationIsVisible = 0;
			defaultConfigurationName = Release;
		};
		65ECE88E1B588AA9003134B2 /* Build configuration list for PBXNativeTarget "Demos" */ = {
			isa = XCConfigurationList;
			buildConfigurations = (
				65ECE88F1B588AA9003134B2 /* Debug */,
				65ECE8901B588AA9003134B2 /* Release */,
			);
			defaultConfigurationIsVisible = 0;
			defaultConfigurationName = Release;
		};
		65ECE8911B588AA9003134B2 /* Build configuration list for PBXNativeTarget "DemosTests" */ = {
			isa = XCConfigurationList;
			buildConfigurations = (
				65ECE8921B588AA9003134B2 /* Debug */,
				65ECE8931B588AA9003134B2 /* Release */,
			);
			defaultConfigurationIsVisible = 0;
			defaultConfigurationName = Release;
		};
/* End XCConfigurationList section */
	};
	rootObject = 65ECE8631B588AA9003134B2 /* Project object */;
}
